// !$*UTF8*$!
{
	archiveVersion = 1;
	classes = {
	};
	objectVersion = 46;
	objects = {

		1CE4BD7B6A449BD6C323AF69 = {isa = PBXBuildFile; fileRef = FE2A1668B32638CE3F2F83BA; };
		B2F2A639AF432305F120860B = {isa = PBXBuildFile; fileRef = ACFCED4596A51FC9268BD5FC; };
		F0AE45F40A04995B478C3485 = {isa = PBXBuildFile; fileRef = 7561090318639F39ED4BEF67; };
		F9F96F5010FD500F0A43F6BE = {isa = PBXBuildFile; fileRef = DC5364E34B972ADC4B097084; };
		1438CD02065C92504F1074B5 = {isa = PBXBuildFile; fileRef = AC28471268711A300E74B5DE; };
		DF1B2CEA8A122E5939AEA7F7 = {isa = PBXBuildFile; fileRef = CD8AF8222E946803F52E3DB4; };
		055DF0BB6E3AB08DE739F7D1 = {isa = PBXBuildFile; fileRef = 5D98AC4A06A7247946D05624; };
		6A839A348570737CB64F08F6 = {isa = PBXBuildFile; fileRef = 050C9D551523B94C13E4AF83; };
		18AC18302F264BF38A021D9D = {isa = PBXBuildFile; fileRef = C7B0BBE4A78CF9E72319FA28; };
		FC6F275D72A6B025D227105C = {isa = PBXBuildFile; fileRef = 9AF446447A3379F626AEADEA; };
		5806B000F705D929F5182F5D = {isa = PBXBuildFile; fileRef = 0F51F7AE8716D5B7D3C77ED3; };
		3AC4B5BED66168A9BFB2C7A9 = {isa = PBXBuildFile; fileRef = EDE30B49E334988DFCBA076D; };
		019D654FF1D32AB3907746BC = {isa = PBXFileReference; lastKnownFileType = sourcecode.c.h; name = "juce_RSAKey.h"; path = "../../../JUCE/modules/juce_cryptography/encryption/juce_RSAKey.h"; sourceTree = "SOURCE_ROOT"; };
		01B5963AAABBD6D79BD349D9 = {isa = PBXFileReference; lastKnownFileType = sourcecode.c.h; name = "juce_Base64.h"; path = "../../../JUCE/modules/juce_core/text/juce_Base64.h"; sourceTree = "SOURCE_ROOT"; };
		0327498D29EB1F1C90E20DB9 = {isa = PBXFileReference; lastKnownFileType = sourcecode.cpp.cpp; name = "juce_HighResolutionTimer.cpp"; path = "../../../JUCE/modules/juce_core/threads/juce_HighResolutionTimer.cpp"; sourceTree = "SOURCE_ROOT"; };
		039807492C6B0ACC9FF9F37E = {isa = PBXFileReference; lastKnownFileType = sourcecode.cpp.cpp; name = "juce_FileLogger.cpp"; path = "../../../JUCE/modules/juce_core/logging/juce_FileLogger.cpp"; sourceTree = "SOURCE_ROOT"; };
		050C9D551523B94C13E4AF83 = {isa = PBXFileReference; lastKnownFileType = sourcecode.cpp.cpp; name = "p_send.cpp"; path = "../../../pianola_external/pianola/p_send.cpp"; sourceTree = "SOURCE_ROOT"; };
		05B062B730DFBCA176231B27 = {isa = PBXFileReference; lastKnownFileType = sourcecode.c.h; name = "juce_NamedValueSet.h"; path = "../../../JUCE/modules/juce_core/containers/juce_NamedValueSet.h"; sourceTree = "SOURCE_ROOT"; };
		05D02D2AEC9C599954F36B74 = {isa = PBXFileReference; lastKnownFileType = sourcecode.c.h; name = "juce_InputSource.h"; path = "../../../JUCE/modules/juce_core/streams/juce_InputSource.h"; sourceTree = "SOURCE_ROOT"; };
		06689E7898CBA2AA3216DE0B = {isa = PBXFileReference; lastKnownFileType = sourcecode.c.c; name = deflate.c; path = "../../../JUCE/modules/juce_core/zip/zlib/deflate.c"; sourceTree = "SOURCE_ROOT"; };
		072EDE421A73E96DC0EBE464 = {isa = PBXFileReference; lastKnownFileType = sourcecode.c.h; name = "juce_MountedVolumeListChangeDetector.h"; path = "../../../JUCE/modules/juce_events/messages/juce_MountedVolumeListChangeDetector.h"; sourceTree = "SOURCE_ROOT"; };
		072FEB344E9D7B9E17475E54 = {isa = PBXFileReference; lastKnownFileType = sourcecode.c.h; name = inflate.h; path = "../../../JUCE/modules/juce_core/zip/zlib/inflate.h"; sourceTree = "SOURCE_ROOT"; };
		07C8B0C0011B64C9CE7C8C67 = {isa = PBXFileReference; lastKnownFileType = sourcecode.c.h; name = "juce_posix_SharedCode.h"; path = "../../../JUCE/modules/juce_core/native/juce_posix_SharedCode.h"; sourceTree = "SOURCE_ROOT"; };
		07E14E8A24BF556B04788CB5 = {isa = PBXFileReference; lastKnownFileType = sourcecode.cpp.cpp; name = "juce_win32_Messaging.cpp"; path = "../../../JUCE/modules/juce_events/native/juce_win32_Messaging.cpp"; sourceTree = "SOURCE_ROOT"; };
		07FA94F6351A6E70CE3A87D4 = {isa = PBXFileReference; lastKnownFileType = sourcecode.cpp.cpp; name = "juce_RuntimePermissions.cpp"; path = "../../../JUCE/modules/juce_core/misc/juce_RuntimePermissions.cpp"; sourceTree = "SOURCE_ROOT"; };
		08C0C603A54E971F147438BC = {isa = PBXFileReference; lastKnownFileType = sourcecode.c.h; name = "juce_MessageListener.h"; path = "../../../JUCE/modules/juce_events/messages/juce_MessageListener.h"; sourceTree = "SOURCE_ROOT"; };
		098D86EBD11527BD7BB4ED3E = {isa = PBXFileReference; lastKnownFileType = sourcecode.cpp.cpp; name = "juce_PropertySet.cpp"; path = "../../../JUCE/modules/juce_core/containers/juce_PropertySet.cpp"; sourceTree = "SOURCE_ROOT"; };
		0AD04141738D75B20C429B6A = {isa = PBXFileReference; lastKnownFileType = sourcecode.c.h; name = "juce_HighResolutionTimer.h"; path = "../../../JUCE/modules/juce_core/threads/juce_HighResolutionTimer.h"; sourceTree = "SOURCE_ROOT"; };
		0C8A26C7B23F0A6829CBE7FB = {isa = PBXFileReference; lastKnownFileType = sourcecode.cpp.cpp; name = "juce_StringArray.cpp"; path = "../../../JUCE/modules/juce_core/text/juce_StringArray.cpp"; sourceTree = "SOURCE_ROOT"; };
		0E1AF847EACA248FA75D773D = {isa = PBXFileReference; lastKnownFileType = sourcecode.c.h; name = "juce_ScopedWriteLock.h"; path = "../../../JUCE/modules/juce_core/threads/juce_ScopedWriteLock.h"; sourceTree = "SOURCE_ROOT"; };
		0F51F7AE8716D5B7D3C77ED3 = {isa = PBXFileReference; lastKnownFileType = sourcecode.cpp.objcpp; name = "juce_data_structures.mm"; path = "../../JuceLibraryCode/juce_data_structures.mm"; sourceTree = "SOURCE_ROOT"; };
		0F7B8710DB8A57C5EAE8290A = {isa = PBXFileReference; lastKnownFileType = sourcecode.cpp.cpp; name = "juce_posix_NamedPipe.cpp"; path = "../../../JUCE/modules/juce_core/native/juce_posix_NamedPipe.cpp"; sourceTree = "SOURCE_ROOT"; };
		0FB60CD292CFDC3ED0781EA5 = {isa = PBXFileReference; lastKnownFileType = sourcecode.c.h; name = "juce_Initialisation.h"; path = "../../../JUCE/modules/juce_events/messages/juce_Initialisation.h"; sourceTree = "SOURCE_ROOT"; };
		11B6AFA31F52145BC0FD06D3 = {isa = PBXFileReference; lastKnownFileType = sourcecode.c.h; name = "juce_core.h"; path = "../../../JUCE/modules/juce_core/juce_core.h"; sourceTree = "SOURCE_ROOT"; };
		11EE94D1AA0018065D0D1430 = {isa = PBXFileReference; lastKnownFileType = sourcecode.c.h; name = "juce_Socket.h"; path = "../../../JUCE/modules/juce_core/network/juce_Socket.h"; sourceTree = "SOURCE_ROOT"; };
		11F20D7559C9C77983401336 = {isa = PBXFileReference; lastKnownFileType = sourcecode.c.h; name = "juce_MultiTimer.h"; path = "../../../JUCE/modules/juce_events/timers/juce_MultiTimer.h"; sourceTree = "SOURCE_ROOT"; };
		13816B9C01BA92CECD165738 = {isa = PBXFileReference; lastKnownFileType = sourcecode.c.h; name = "juce_OwnedArray.h"; path = "../../../JUCE/modules/juce_core/containers/juce_OwnedArray.h"; sourceTree = "SOURCE_ROOT"; };
		143AA73475D5AE82ABEA2C51 = {isa = PBXFileReference; lastKnownFileType = sourcecode.c.h; name = "juce_NewLine.h"; path = "../../../JUCE/modules/juce_core/text/juce_NewLine.h"; sourceTree = "SOURCE_ROOT"; };
		14DFE55E833B9CECFB1BDCC7 = {isa = PBXFileReference; lastKnownFileType = sourcecode.c.h; name = "juce_ScopedLock.h"; path = "../../../JUCE/modules/juce_core/threads/juce_ScopedLock.h"; sourceTree = "SOURCE_ROOT"; };
		15939479833543EDA3ED6C27 = {isa = PBXFileReference; lastKnownFileType = sourcecode.cpp.cpp; name = "juce_UndoManager.cpp"; path = "../../../JUCE/modules/juce_data_structures/undomanager/juce_UndoManager.cpp"; sourceTree = "SOURCE_ROOT"; };
		17D0E0C37ACBF1F73C5B65FE = {isa = PBXFileReference; lastKnownFileType = sourcecode.c.h; name = "juce_ChildProcess.h"; path = "../../../JUCE/modules/juce_core/threads/juce_ChildProcess.h"; sourceTree = "SOURCE_ROOT"; };
		1807312EBCD81BE092D63FB9 = {isa = PBXFileReference; lastKnownFileType = sourcecode.c.h; name = "juce_osx_ObjCHelpers.h"; path = "../../../JUCE/modules/juce_core/native/juce_osx_ObjCHelpers.h"; sourceTree = "SOURCE_ROOT"; };
		18FE92D7AC0A5D6D8630810A = {isa = PBXFileReference; lastKnownFileType = sourcecode.c.h; name = "juce_StandardHeader.h"; path = "../../../JUCE/modules/juce_core/system/juce_StandardHeader.h"; sourceTree = "SOURCE_ROOT"; };
		193304FBF0C59B10F9826D43 = {isa = PBXFileReference; lastKnownFileType = sourcecode.c.h; name = "juce_LeakedObjectDetector.h"; path = "../../../JUCE/modules/juce_core/memory/juce_LeakedObjectDetector.h"; sourceTree = "SOURCE_ROOT"; };
		19FDB1B92816B0A24B6B6143 = {isa = PBXFileReference; lastKnownFileType = sourcecode.c.h; name = "juce_ListenerList.h"; path = "../../../JUCE/modules/juce_core/containers/juce_ListenerList.h"; sourceTree = "SOURCE_ROOT"; };
		1A732738E16538A864CC616A = {isa = PBXFileReference; lastKnownFileType = sourcecode.c.h; name = "juce_UndoManager.h"; path = "../../../JUCE/modules/juce_data_structures/undomanager/juce_UndoManager.h"; sourceTree = "SOURCE_ROOT"; };
		1AD98982F4A506B6023DB1C9 = {isa = PBXFileReference; lastKnownFileType = sourcecode.cpp.cpp; name = "juce_win32_SystemStats.cpp"; path = "../../../JUCE/modules/juce_core/native/juce_win32_SystemStats.cpp"; sourceTree = "SOURCE_ROOT"; };
		1AF5A517ADC59DCD7D3285CD = {isa = PBXFileReference; lastKnownFileType = sourcecode.c.h; name = "juce_GZIPDecompressorInputStream.h"; path = "../../../JUCE/modules/juce_core/zip/juce_GZIPDecompressorInputStream.h"; sourceTree = "SOURCE_ROOT"; };
		1C864459069772DCE62A2C11 = {isa = PBXFileReference; lastKnownFileType = sourcecode.cpp.cpp; name = "juce_UnitTest.cpp"; path = "../../../JUCE/modules/juce_core/unit_tests/juce_UnitTest.cpp"; sourceTree = "SOURCE_ROOT"; };
		1CCE51B13F70CF425CC9021B = {isa = PBXFileReference; lastKnownFileType = sourcecode.c.h; name = inffast.h; path = "../../../JUCE/modules/juce_core/zip/zlib/inffast.h"; sourceTree = "SOURCE_ROOT"; };
		1CF1D0A5AC7B8CE843312718 = {isa = PBXFileReference; lastKnownFileType = sourcecode.cpp.cpp; name = "juce_MemoryBlock.cpp"; path = "../../../JUCE/modules/juce_core/memory/juce_MemoryBlock.cpp"; sourceTree = "SOURCE_ROOT"; };
		1D7E2D815A89354B1FDEEC9E = {isa = PBXFileReference; lastKnownFileType = sourcecode.cpp.cpp; name = "juce_ApplicationBase.cpp"; path = "../../../JUCE/modules/juce_events/messages/juce_ApplicationBase.cpp"; sourceTree = "SOURCE_ROOT"; };
		1FFAD03316DE4A331B9B92FB = {isa = PBXFileReference; lastKnownFileType = sourcecode.c.h; name = "juce_InterprocessConnectionServer.h"; path = "../../../JUCE/modules/juce_events/interprocess/juce_InterprocessConnectionServer.h"; sourceTree = "SOURCE_ROOT"; };
		2028CF10FBC97122AE9A6A4B = {isa = PBXFileReference; lastKnownFileType = sourcecode.c.h; name = "juce_JSON.h"; path = "../../../JUCE/modules/juce_core/javascript/juce_JSON.h"; sourceTree = "SOURCE_ROOT"; };
		211C260A639C45C9A212E059 = {isa = PBXFileReference; lastKnownFileType = sourcecode.c.h; name = "juce_Expression.h"; path = "../../../JUCE/modules/juce_core/maths/juce_Expression.h"; sourceTree = "SOURCE_ROOT"; };
		21E06D3C9860B958A9A7A1FA = {isa = PBXFileReference; lastKnownFileType = sourcecode.cpp.cpp; name = "juce_ActionBroadcaster.cpp"; path = "../../../JUCE/modules/juce_events/broadcasters/juce_ActionBroadcaster.cpp"; sourceTree = "SOURCE_ROOT"; };
		26A7A723FBF09C935089CD8A = {isa = PBXFileReference; lastKnownFileType = sourcecode.c.h; name = "juce_ChangeListener.h"; path = "../../../JUCE/modules/juce_events/broadcasters/juce_ChangeListener.h"; sourceTree = "SOURCE_ROOT"; };
		26B7ACD7CCE2F817FFC97B50 = {isa = PBXFileReference; lastKnownFileType = sourcecode.cpp.cpp; name = "juce_MessageListener.cpp"; path = "../../../JUCE/modules/juce_events/messages/juce_MessageListener.cpp"; sourceTree = "SOURCE_ROOT"; };
		289113638926F7B65268AD2E = {isa = PBXFileReference; lastKnownFileType = sourcecode.c.h; name = "juce_PropertiesFile.h"; path = "../../../JUCE/modules/juce_data_structures/app_properties/juce_PropertiesFile.h"; sourceTree = "SOURCE_ROOT"; };
		29D4D455EDED442FBEDCFCD4 = {isa = PBXFileReference; lastKnownFileType = sourcecode.cpp.cpp; name = "juce_cryptography.cpp"; path = "../../../JUCE/modules/juce_cryptography/juce_cryptography.cpp"; sourceTree = "SOURCE_ROOT"; };
		2AD56AEDE86B6D2F01763277 = {isa = PBXFileReference; lastKnownFileType = sourcecode.cpp.cpp; name = "juce_ZipFile.cpp"; path = "../../../JUCE/modules/juce_core/zip/juce_ZipFile.cpp"; sourceTree = "SOURCE_ROOT"; };
		2BEFC824ED58AA2A1508FE74 = {isa = PBXFileReference; lastKnownFileType = sourcecode.c.h; name = Enums.h; path = "../../../pianola_external/pianola/Enums.h"; sourceTree = "SOURCE_ROOT"; };
		2C3A2C94E326035062C34740 = {isa = PBXFileReference; lastKnownFileType = sourcecode.c.h; name = "juce_MD5.h"; path = "../../../JUCE/modules/juce_cryptography/hashing/juce_MD5.h"; sourceTree = "SOURCE_ROOT"; };
		2CBF46F954AA6442F6060B81 = {isa = PBXFileReference; lastKnownFileType = sourcecode.cpp.cpp; name = "juce_win32_Threads.cpp"; path = "../../../JUCE/modules/juce_core/native/juce_win32_Threads.cpp"; sourceTree = "SOURCE_ROOT"; };
		2CEF515B0603228733873FC8 = {isa = PBXFileReference; lastKnownFileType = sourcecode.c.h; name = "juce_GZIPCompressorOutputStream.h"; path = "../../../JUCE/modules/juce_core/zip/juce_GZIPCompressorOutputStream.h"; sourceTree = "SOURCE_ROOT"; };
		2D56F2F6F38DFE0A5891FA56 = {isa = PBXFileReference; lastKnownFileType = sourcecode.c.h; name = "juce_Logger.h"; path = "../../../JUCE/modules/juce_core/logging/juce_Logger.h"; sourceTree = "SOURCE_ROOT"; };
		2DEBB896FF68A52B50EA7A15 = {isa = PBXFileReference; lastKnownFileType = sourcecode.cpp.cpp; name = "juce_win32_Registry.cpp"; path = "../../../JUCE/modules/juce_core/native/juce_win32_Registry.cpp"; sourceTree = "SOURCE_ROOT"; };
		2E522078855289B7389E7D45 = {isa = PBXFileReference; lastKnownFileType = sourcecode.c.h; name = "juce_ByteOrder.h"; path = "../../../JUCE/modules/juce_core/memory/juce_ByteOrder.h"; sourceTree = "SOURCE_ROOT"; };
		2EE0415FFD38428D836FD87C = {isa = PBXFileReference; lastKnownFileType = sourcecode.cpp.objcpp; name = "juce_ios_MessageManager.mm"; path = "../../../JUCE/modules/juce_events/native/juce_ios_MessageManager.mm"; sourceTree = "SOURCE_ROOT"; };
		2EFCA95F81700E733BFE0ACA = {isa = PBXFileReference; lastKnownFileType = sourcecode.c.h; name = "juce_DirectoryIterator.h"; path = "../../../JUCE/modules/juce_core/files/juce_DirectoryIterator.h"; sourceTree = "SOURCE_ROOT"; };
		2F75F2C26389688E647D5064 = {isa = PBXFileReference; lastKnownFileType = sourcecode.c.h; name = "juce_CachedValue.h"; path = "../../../JUCE/modules/juce_data_structures/values/juce_CachedValue.h"; sourceTree = "SOURCE_ROOT"; };
		3040ED4A40AE64AA051D5A55 = {isa = PBXFileReference; lastKnownFileType = sourcecode.c.c; name = compress.c; path = "../../../JUCE/modules/juce_core/zip/zlib/compress.c"; sourceTree = "SOURCE_ROOT"; };
		3091CB250C61FD491ACD72C1 = {isa = PBXFileReference; lastKnownFileType = sourcecode.cpp.cpp; name = "juce_Time.cpp"; path = "../../../JUCE/modules/juce_core/time/juce_Time.cpp"; sourceTree = "SOURCE_ROOT"; };
		327B065573072B533A3BEDB4 = {isa = PBXFileReference; lastKnownFileType = sourcecode.cpp.cpp; name = "juce_FileInputSource.cpp"; path = "../../../JUCE/modules/juce_core/streams/juce_FileInputSource.cpp"; sourceTree = "SOURCE_ROOT"; };
		354BC502810AD5E027D63990 = {isa = PBXFileReference; lastKnownFileType = sourcecode.cpp.cpp; name = "juce_BigInteger.cpp"; path = "../../../JUCE/modules/juce_core/maths/juce_BigInteger.cpp"; sourceTree = "SOURCE_ROOT"; };
		37113879351A9143597D346A = {isa = PBXFileReference; lastKnownFileType = sourcecode.cpp.cpp; name = "juce_android_RuntimePermissions.cpp"; path = "../../../JUCE/modules/juce_core/native/juce_android_RuntimePermissions.cpp"; sourceTree = "SOURCE_ROOT"; };
		372D4E9D6E5BB1F3CB1034DA = {isa = PBXFileReference; lastKnownFileType = sourcecode.c.h; name = "juce_StatisticsAccumulator.h"; path = "../../../JUCE/modules/juce_core/maths/juce_StatisticsAccumulator.h"; sourceTree = "SOURCE_ROOT"; };
		378093AC3E79447EF12070DC = {isa = PBXFileReference; lastKnownFileType = sourcecode.c.h; name = "juce_CallbackMessage.h"; path = "../../../JUCE/modules/juce_events/messages/juce_CallbackMessage.h"; sourceTree = "SOURCE_ROOT"; };
		37F531E19E231072293E8F4A = {isa = PBXFileReference; lastKnownFileType = sourcecode.cpp.cpp; name = "juce_AsyncUpdater.cpp"; path = "../../../JUCE/modules/juce_events/broadcasters/juce_AsyncUpdater.cpp"; sourceTree = "SOURCE_ROOT"; };
		38339C00635DC3783306C784 = {isa = PBXFileReference; lastKnownFileType = sourcecode.c.h; name = "juce_FileInputSource.h"; path = "../../../JUCE/modules/juce_core/streams/juce_FileInputSource.h"; sourceTree = "SOURCE_ROOT"; };
		38A0EA144D7C2AEEC483B2AD = {isa = PBXFileReference; lastKnownFileType = sourcecode.c.h; name = "juce_CharPointer_ASCII.h"; path = "../../../JUCE/modules/juce_core/text/juce_CharPointer_ASCII.h"; sourceTree = "SOURCE_ROOT"; };
		391711801BAB4849E050A564 = {isa = PBXFileReference; lastKnownFileType = sourcecode.c.h; name = "juce_LocalisedStrings.h"; path = "../../../JUCE/modules/juce_core/text/juce_LocalisedStrings.h"; sourceTree = "SOURCE_ROOT"; };
		39C0DD11F283834E399E9A2E = {isa = PBXFileReference; lastKnownFileType = sourcecode.c.h; name = "juce_ApplicationProperties.h"; path = "../../../JUCE/modules/juce_data_structures/app_properties/juce_ApplicationProperties.h"; sourceTree = "SOURCE_ROOT"; };
		3A97B31C13FC31EEB655939A = {isa = PBXFileReference; lastKnownFileType = sourcecode.cpp.cpp; name = "juce_Result.cpp"; path = "../../../JUCE/modules/juce_core/misc/juce_Result.cpp"; sourceTree = "SOURCE_ROOT"; };
		3B84380EB7AEEB6F69DADFCA = {isa = PBXFileReference; lastKnownFileType = sourcecode.c.h; name = "juce_RelativeTime.h"; path = "../../../JUCE/modules/juce_core/time/juce_RelativeTime.h"; sourceTree = "SOURCE_ROOT"; };
		3C0DE4F065EAE91F22AF0822 = {isa = PBXFileReference; lastKnownFileType = sourcecode.cpp.cpp; name = "juce_CharacterFunctions.cpp"; path = "../../../JUCE/modules/juce_core/text/juce_CharacterFunctions.cpp"; sourceTree = "SOURCE_ROOT"; };
		3EED2A58228EE860A5568A5F = {isa = PBXFileReference; lastKnownFileType = sourcecode.c.h; name = "juce_ScopedXLock.h"; path = "../../../JUCE/modules/juce_events/native/juce_ScopedXLock.h"; sourceTree = "SOURCE_ROOT"; };
		4013503FD85234F7B22D815C = {isa = PBXFileReference; lastKnownFileType = sourcecode.cpp.cpp; name = "juce_ThreadPool.cpp"; path = "../../../JUCE/modules/juce_core/threads/juce_ThreadPool.cpp"; sourceTree = "SOURCE_ROOT"; };
		402B067AF762E17C689BBC1D = {isa = PBXFileReference; lastKnownFileType = sourcecode.c.h; name = zconf.in.h; path = "../../../JUCE/modules/juce_core/zip/zlib/zconf.in.h"; sourceTree = "SOURCE_ROOT"; };
		414E084E82483478C97AF950 = {isa = PBXFileReference; lastKnownFileType = sourcecode.c.h; name = "juce_ApplicationBase.h"; path = "../../../JUCE/modules/juce_events/messages/juce_ApplicationBase.h"; sourceTree = "SOURCE_ROOT"; };
		4161BF13DED01E68513C500E = {isa = PBXFileReference; lastKnownFileType = sourcecode.c.h; name = "juce_Thread.h"; path = "../../../JUCE/modules/juce_core/threads/juce_Thread.h"; sourceTree = "SOURCE_ROOT"; };
		42DBD0F1F0F7F45026BD69C4 = {isa = PBXFileReference; lastKnownFileType = sourcecode.cpp.cpp; name = "juce_InterprocessConnection.cpp"; path = "../../../JUCE/modules/juce_events/interprocess/juce_InterprocessConnection.cpp"; sourceTree = "SOURCE_ROOT"; };
		436DDF6503AC623A5AE60EAD = {isa = PBXFileReference; lastKnownFileType = sourcecode.cpp.cpp; name = "juce_RelativeTime.cpp"; path = "../../../JUCE/modules/juce_core/time/juce_RelativeTime.cpp"; sourceTree = "SOURCE_ROOT"; };
		4490F0AA6955FD18FD2BB7C1 = {isa = PBXFileReference; lastKnownFileType = sourcecode.cpp.cpp; name = "juce_GZIPCompressorOutputStream.cpp"; path = "../../../JUCE/modules/juce_core/zip/juce_GZIPCompressorOutputStream.cpp"; sourceTree = "SOURCE_ROOT"; };
		466FEC46D93DD2797AF03252 = {isa = PBXFileReference; lastKnownFileType = sourcecode.cpp.cpp; name = "juce_SystemStats.cpp"; path = "../../../JUCE/modules/juce_core/system/juce_SystemStats.cpp"; sourceTree = "SOURCE_ROOT"; };
		475F624EAC50A49FA11CC69E = {isa = PBXFileReference; lastKnownFileType = sourcecode.cpp.cpp; name = "juce_linux_Files.cpp"; path = "../../../JUCE/modules/juce_core/native/juce_linux_Files.cpp"; sourceTree = "SOURCE_ROOT"; };
		48061BC12476089868DAB90C = {isa = PBXFileReference; lastKnownFileType = sourcecode.cpp.cpp; name = "juce_linux_Messaging.cpp"; path = "../../../JUCE/modules/juce_events/native/juce_linux_Messaging.cpp"; sourceTree = "SOURCE_ROOT"; };
		4863B954BA17BAF982228392 = {isa = PBXFileReference; lastKnownFileType = sourcecode.c.h; name = "juce_Timer.h"; path = "../../../JUCE/modules/juce_events/timers/juce_Timer.h"; sourceTree = "SOURCE_ROOT"; };
		49C1DD07C6A9DF40995E988D = {isa = PBXFileReference; lastKnownFileType = sourcecode.cpp.cpp; name = "juce_curl_Network.cpp"; path = "../../../JUCE/modules/juce_core/native/juce_curl_Network.cpp"; sourceTree = "SOURCE_ROOT"; };
		49D621DF8CD59D262FF4E200 = {isa = PBXFileReference; lastKnownFileType = sourcecode.c.h; name = "juce_SystemStats.h"; path = "../../../JUCE/modules/juce_core/system/juce_SystemStats.h"; sourceTree = "SOURCE_ROOT"; };
		4A0A225EE7FE3D15546CD5E8 = {isa = PBXFileReference; lastKnownFileType = sourcecode.c.h; name = "juce_Array.h"; path = "../../../JUCE/modules/juce_core/containers/juce_Array.h"; sourceTree = "SOURCE_ROOT"; };
		4EA0CB61F6BE7000C72D95A7 = {isa = PBXFileReference; lastKnownFileType = sourcecode.c.h; name = AppConfig.h; path = ../../JuceLibraryCode/AppConfig.h; sourceTree = "SOURCE_ROOT"; };
		50F450E2B2038289E4E4D792 = {isa = PBXFileReference; lastKnownFileType = sourcecode.c.h; name = "juce_FileInputStream.h"; path = "../../../JUCE/modules/juce_core/files/juce_FileInputStream.h"; sourceTree = "SOURCE_ROOT"; };
		51CC43B19C8731B057CB2808 = {isa = PBXFileReference; lastKnownFileType = sourcecode.c.h; name = "juce_Singleton.h"; path = "../../../JUCE/modules/juce_core/memory/juce_Singleton.h"; sourceTree = "SOURCE_ROOT"; };
		523DFE6BBB3EEF30627D322A = {isa = PBXFileReference; lastKnownFileType = sourcecode.c.h; name = "juce_CompilerSupport.h"; path = "../../../JUCE/modules/juce_core/system/juce_CompilerSupport.h"; sourceTree = "SOURCE_ROOT"; };
		5529ADF82E634691810562A3 = {isa = PBXFileReference; lastKnownFileType = sourcecode.c.h; name = "juce_CriticalSection.h"; path = "../../../JUCE/modules/juce_core/threads/juce_CriticalSection.h"; sourceTree = "SOURCE_ROOT"; };
		5645301624629C8D3E9AB0F1 = {isa = PBXFileReference; lastKnownFileType = sourcecode.cpp.cpp; name = "juce_Socket.cpp"; path = "../../../JUCE/modules/juce_core/network/juce_Socket.cpp"; sourceTree = "SOURCE_ROOT"; };
		56BA887668477BC6F88CCB80 = {isa = PBXFileReference; lastKnownFileType = sourcecode.c.h; name = "juce_MathsFunctions.h"; path = "../../../JUCE/modules/juce_core/maths/juce_MathsFunctions.h"; sourceTree = "SOURCE_ROOT"; };
		56D8B41DA6225E320AB64756 = {isa = PBXFileReference; lastKnownFileType = sourcecode.cpp.cpp; name = "juce_Variant.cpp"; path = "../../../JUCE/modules/juce_core/containers/juce_Variant.cpp"; sourceTree = "SOURCE_ROOT"; };
		576C8A8586D83A73668AAC83 = {isa = PBXFileReference; lastKnownFileType = sourcecode.c.h; name = "p_receive.h"; path = "../../../pianola_external/pianola/p_receive.h"; sourceTree = "SOURCE_ROOT"; };
		57BC06E8057DDF554AF8C762 = {isa = PBXFileReference; lastKnownFileType = sourcecode.c.c; name = trees.c; path = "../../../JUCE/modules/juce_core/zip/zlib/trees.c"; sourceTree = "SOURCE_ROOT"; };
		57E63F0DD4997B6D80614256 = {isa = PBXFileReference; lastKnownFileType = sourcecode.cpp.cpp; name = "juce_FileFilter.cpp"; path = "../../../JUCE/modules/juce_core/files/juce_FileFilter.cpp"; sourceTree = "SOURCE_ROOT"; };
		586CB5EEB50408E0CBF54186 = {isa = PBXFileReference; lastKnownFileType = sourcecode.c.h; name = zconf.h; path = "../../../JUCE/modules/juce_core/zip/zlib/zconf.h"; sourceTree = "SOURCE_ROOT"; };
		5892BDE14F25824F8BD52911 = {isa = PBXFileReference; lastKnownFileType = sourcecode.c.h; name = "juce_InterprocessConnection.h"; path = "../../../JUCE/modules/juce_events/interprocess/juce_InterprocessConnection.h"; sourceTree = "SOURCE_ROOT"; };
		5A3C0CE61005A5E7A21F6ACC = {isa = PBXFileReference; lastKnownFileType = sourcecode.cpp.cpp; name = "juce_DirectoryIterator.cpp"; path = "../../../JUCE/modules/juce_core/files/juce_DirectoryIterator.cpp"; sourceTree = "SOURCE_ROOT"; };
		5CC9968339EF86F1E0F64D3A = {isa = PBXFileReference; lastKnownFileType = sourcecode.cpp.cpp; name = "juce_DynamicObject.cpp"; path = "../../../JUCE/modules/juce_core/containers/juce_DynamicObject.cpp"; sourceTree = "SOURCE_ROOT"; };
		5D666EE8512CB8B5090C89FE = {isa = PBXFileReference; lastKnownFileType = sourcecode.c.h; name = "juce_NamedPipe.h"; path = "../../../JUCE/modules/juce_core/network/juce_NamedPipe.h"; sourceTree = "SOURCE_ROOT"; };
		5D76FE1902D1EE668E7B9D00 = {isa = PBXFileReference; lastKnownFileType = sourcecode.cpp.objcpp; name = "juce_mac_Files.mm"; path = "../../../JUCE/modules/juce_core/native/juce_mac_Files.mm"; sourceTree = "SOURCE_ROOT"; };
		5D98AC4A06A7247946D05624 = {isa = PBXFileReference; lastKnownFileType = sourcecode.cpp.cpp; name = "p_receive.cpp"; path = "../../../pianola_external/pianola/p_receive.cpp"; sourceTree = "SOURCE_ROOT"; };
		5DB6EA026BF336C017762045 = {isa = PBXFileReference; lastKnownFileType = sourcecode.cpp.cpp; name = "juce_Base64.cpp"; path = "../../../JUCE/modules/juce_core/text/juce_Base64.cpp"; sourceTree = "SOURCE_ROOT"; };
		5DCAF823704C67E2FC34E865 = {isa = PBXFileReference; lastKnownFileType = sourcecode.c.h; name = "juce_ChangeBroadcaster.h"; path = "../../../JUCE/modules/juce_events/broadcasters/juce_ChangeBroadcaster.h"; sourceTree = "SOURCE_ROOT"; };
		5DF7E3E78224563BD4A33751 = {isa = PBXFileReference; lastKnownFileType = sourcecode.cpp.cpp; name = "juce_android_Threads.cpp"; path = "../../../JUCE/modules/juce_core/native/juce_android_Threads.cpp"; sourceTree = "SOURCE_ROOT"; };
		5E1AA335838210C1B7A8EFAE = {isa = PBXFileReference; lastKnownFileType = sourcecode.cpp.cpp; name = "juce_FileInputStream.cpp"; path = "../../../JUCE/modules/juce_core/files/juce_FileInputStream.cpp"; sourceTree = "SOURCE_ROOT"; };
		5FCB4B1E41784866CA6047D4 = {isa = PBXFileReference; lastKnownFileType = sourcecode.cpp.cpp; name = "juce_MD5.cpp"; path = "../../../JUCE/modules/juce_cryptography/hashing/juce_MD5.cpp"; sourceTree = "SOURCE_ROOT"; };
		600B4F47511283ACADEE20FA = {isa = PBXFileReference; lastKnownFileType = sourcecode.cpp.cpp; name = "juce_FileOutputStream.cpp"; path = "../../../JUCE/modules/juce_core/files/juce_FileOutputStream.cpp"; sourceTree = "SOURCE_ROOT"; };
		6019D60603A62E7E61A7D176 = {isa = PBXFileReference; lastKnownFileType = sourcecode.c.h; name = "juce_SHA256.h"; path = "../../../JUCE/modules/juce_cryptography/hashing/juce_SHA256.h"; sourceTree = "SOURCE_ROOT"; };
		601F175ECF8749E016CE4359 = {isa = PBXFileReference; lastKnownFileType = sourcecode.c.h; name = "juce_StringArray.h"; path = "../../../JUCE/modules/juce_core/text/juce_StringArray.h"; sourceTree = "SOURCE_ROOT"; };
		61C9B986004DDA6BB757084B = {isa = PBXFileReference; lastKnownFileType = sourcecode.c.h; name = "juce_Random.h"; path = "../../../JUCE/modules/juce_core/maths/juce_Random.h"; sourceTree = "SOURCE_ROOT"; };
		6209440BCC201353B297CA6F = {isa = PBXFileReference; lastKnownFileType = sourcecode.c.h; name = "juce_WindowsRegistry.h"; path = "../../../JUCE/modules/juce_core/misc/juce_WindowsRegistry.h"; sourceTree = "SOURCE_ROOT"; };
		63C03AFC6C12DBC292582226 = {isa = PBXFileReference; lastKnownFileType = sourcecode.c.h; name = JuceHeader.h; path = ../../JuceLibraryCode/JuceHeader.h; sourceTree = "SOURCE_ROOT"; };
		642B07470CA131D742D227A7 = {isa = PBXFileReference; lastKnownFileType = sourcecode.c.h; name = "juce_MemoryOutputStream.h"; path = "../../../JUCE/modules/juce_core/streams/juce_MemoryOutputStream.h"; sourceTree = "SOURCE_ROOT"; };
		64FFA27BED645A04FF29EDB7 = {isa = PBXFileReference; lastKnownFileType = sourcecode.c.h; name = "juce_File.h"; path = "../../../JUCE/modules/juce_core/files/juce_File.h"; sourceTree = "SOURCE_ROOT"; };
		65B2075769EF4DF4F3ABB83F = {isa = PBXFileReference; lastKnownFileType = sourcecode.c.c; name = inflate.c; path = "../../../JUCE/modules/juce_core/zip/zlib/inflate.c"; sourceTree = "SOURCE_ROOT"; };
		6644A36FD35189A0111E3914 = {isa = PBXFileReference; lastKnownFileType = sourcecode.cpp.objcpp; name = "juce_mac_Threads.mm"; path = "../../../JUCE/modules/juce_core/native/juce_mac_Threads.mm"; sourceTree = "SOURCE_ROOT"; };
		66753AD7470072FB37D74828 = {isa = PBXFileReference; lastKnownFileType = sourcecode.cpp.cpp; name = "juce_ReadWriteLock.cpp"; path = "../../../JUCE/modules/juce_core/threads/juce_ReadWriteLock.cpp"; sourceTree = "SOURCE_ROOT"; };
		67D186D32A31153772598101 = {isa = PBXFileReference; lastKnownFileType = sourcecode.cpp.objcpp; name = "juce_events.mm"; path = "../../../JUCE/modules/juce_events/juce_events.mm"; sourceTree = "SOURCE_ROOT"; };
		684385C8663ACC376920AB90 = {isa = PBXFileReference; lastKnownFileType = sourcecode.c.h; name = "juce_ValueTree.h"; path = "../../../JUCE/modules/juce_data_structures/values/juce_ValueTree.h"; sourceTree = "SOURCE_ROOT"; };
		688F905AF9CDA67AE9816300 = {isa = PBXFileReference; lastKnownFileType = sourcecode.cpp.cpp; name = "juce_events.cpp"; path = "../../../JUCE/modules/juce_events/juce_events.cpp"; sourceTree = "SOURCE_ROOT"; };
		68953AC675FF4F45A6DD9726 = {isa = PBXFileReference; lastKnownFileType = sourcecode.c.h; name = "juce_TextDiff.h"; path = "../../../JUCE/modules/juce_core/text/juce_TextDiff.h"; sourceTree = "SOURCE_ROOT"; };
		69518EAB07992C055EA46849 = {isa = PBXFileReference; lastKnownFileType = sourcecode.c.h; name = "juce_StringRef.h"; path = "../../../JUCE/modules/juce_core/text/juce_StringRef.h"; sourceTree = "SOURCE_ROOT"; };
		6A24EBE32358D58B1EF89E97 = {isa = PBXFileReference; lastKnownFileType = sourcecode.c.h; name = "juce_SortedSet.h"; path = "../../../JUCE/modules/juce_core/containers/juce_SortedSet.h"; sourceTree = "SOURCE_ROOT"; };
		6BF7D6DED100A1D4464CA167 = {isa = PBXFileReference; lastKnownFileType = sourcecode.c.h; name = "p_send.h"; path = "../../../pianola_external/pianola/p_send.h"; sourceTree = "SOURCE_ROOT"; };
		6C3AA0D687B65074D36B916F = {isa = PBXFileReference; lastKnownFileType = sourcecode.cpp.cpp; name = "juce_android_Messaging.cpp"; path = "../../../JUCE/modules/juce_events/native/juce_android_Messaging.cpp"; sourceTree = "SOURCE_ROOT"; };
		6D19ECEF14B4BDD153955155 = {isa = PBXFileReference; lastKnownFileType = sourcecode.c.h; name = "juce_Memory.h"; path = "../../../JUCE/modules/juce_core/memory/juce_Memory.h"; sourceTree = "SOURCE_ROOT"; };
		6D7C5278056181DCA8D1D529 = {isa = PBXFileReference; lastKnownFileType = sourcecode.c.h; name = "juce_UndoableAction.h"; path = "../../../JUCE/modules/juce_data_structures/undomanager/juce_UndoableAction.h"; sourceTree = "SOURCE_ROOT"; };
		6D8B7B75BF258CBB4268F755 = {isa = PBXFileReference; lastKnownFileType = sourcecode.cpp.cpp; name = "juce_Primes.cpp"; path = "../../../JUCE/modules/juce_cryptography/encryption/juce_Primes.cpp"; sourceTree = "SOURCE_ROOT"; };
		6ECE42167DBDC4A7F67C4370 = {isa = PBXFileReference; lastKnownFileType = sourcecode.c.h; name = "juce_ZipFile.h"; path = "../../../JUCE/modules/juce_core/zip/juce_ZipFile.h"; sourceTree = "SOURCE_ROOT"; };
		6F4EF7F94F85248C9B652955 = {isa = PBXFileReference; lastKnownFileType = sourcecode.cpp.cpp; name = "juce_SHA256.cpp"; path = "../../../JUCE/modules/juce_cryptography/hashing/juce_SHA256.cpp"; sourceTree = "SOURCE_ROOT"; };
		7033CC40AC721FA691ADFE98 = {isa = PBXFileReference; lastKnownFileType = sourcecode.c.h; name = "juce_InputStream.h"; path = "../../../JUCE/modules/juce_core/streams/juce_InputStream.h"; sourceTree = "SOURCE_ROOT"; };
		71957444BCA30CF272F8F563 = {isa = PBXFileReference; lastKnownFileType = sourcecode.c.c; name = zutil.c; path = "../../../JUCE/modules/juce_core/zip/zlib/zutil.c"; sourceTree = "SOURCE_ROOT"; };
		724D9A643936315D20402BB1 = {isa = PBXFileReference; lastKnownFileType = sourcecode.c.h; name = zlib.h; path = "../../../JUCE/modules/juce_core/zip/zlib/zlib.h"; sourceTree = "SOURCE_ROOT"; };
		735EA1FAA3DDE90A76060B17 = {isa = PBXFileReference; lastKnownFileType = sourcecode.cpp.cpp; name = "juce_ChangeBroadcaster.cpp"; path = "../../../JUCE/modules/juce_events/broadcasters/juce_ChangeBroadcaster.cpp"; sourceTree = "SOURCE_ROOT"; };
		7561090318639F39ED4BEF67 = {isa = PBXFileReference; lastKnownFileType = sourcecode.c.c; name = "dllmain_win.c"; path = "../../../pianola_external/pianola/dllmain_win.c"; sourceTree = "SOURCE_ROOT"; };
		75FA424D38786727C0ACC82E = {isa = PBXFileReference; lastKnownFileType = sourcecode.c.h; name = zutil.h; path = "../../../JUCE/modules/juce_core/zip/zlib/zutil.h"; sourceTree = "SOURCE_ROOT"; };
		767DFC219D7EAE932B18A13F = {isa = PBXFileReference; lastKnownFileType = sourcecode.cpp.cpp; name = "juce_AbstractFifo.cpp"; path = "../../../JUCE/modules/juce_core/containers/juce_AbstractFifo.cpp"; sourceTree = "SOURCE_ROOT"; };
		773C72C6AE8F0D3BA44F39A3 = {isa = PBXFileReference; lastKnownFileType = sourcecode.cpp.cpp; name = "juce_IPAddress.cpp"; path = "../../../JUCE/modules/juce_core/network/juce_IPAddress.cpp"; sourceTree = "SOURCE_ROOT"; };
		77C451115D88EDBC2C92BF14 = {isa = PBXFileReference; lastKnownFileType = sourcecode.cpp.cpp; name = "juce_LocalisedStrings.cpp"; path = "../../../JUCE/modules/juce_core/text/juce_LocalisedStrings.cpp"; sourceTree = "SOURCE_ROOT"; };
		782C935705FA6836F27E4F9A = {isa = PBXFileReference; lastKnownFileType = sourcecode.c.h; name = "juce_ThreadLocalValue.h"; path = "../../../JUCE/modules/juce_core/threads/juce_ThreadLocalValue.h"; sourceTree = "SOURCE_ROOT"; };
		79BF917AC1D4E0F3EB7285A8 = {isa = PBXFileReference; lastKnownFileType = sourcecode.c.h; name = "juce_WaitableEvent.h"; path = "../../../JUCE/modules/juce_core/threads/juce_WaitableEvent.h"; sourceTree = "SOURCE_ROOT"; };
		79E84A4ED9DA6FF5826C2339 = {isa = PBXFileReference; lastKnownFileType = sourcecode.c.h; name = "juce_FileLogger.h"; path = "../../../JUCE/modules/juce_core/logging/juce_FileLogger.h"; sourceTree = "SOURCE_ROOT"; };
		7A5423C8A96A5EC6ED2555A5 = {isa = PBXFileReference; lastKnownFileType = sourcecode.cpp.cpp; name = "juce_android_SystemStats.cpp"; path = "../../../JUCE/modules/juce_core/native/juce_android_SystemStats.cpp"; sourceTree = "SOURCE_ROOT"; };
		7B479F1F07B38E20B41FA3DD = {isa = PBXFileReference; lastKnownFileType = sourcecode.c.h; name = "juce_cryptography.h"; path = "../../../JUCE/modules/juce_cryptography/juce_cryptography.h"; sourceTree = "SOURCE_ROOT"; };
		7C2E05766CC70032FDA5572D = {isa = PBXFileReference; lastKnownFileType = sourcecode.cpp.cpp; name = "juce_PropertiesFile.cpp"; path = "../../../JUCE/modules/juce_data_structures/app_properties/juce_PropertiesFile.cpp"; sourceTree = "SOURCE_ROOT"; };
		7D04E8E7C94403BD452B84E5 = {isa = PBXFileReference; lastKnownFileType = sourcecode.c.c; name = uncompr.c; path = "../../../JUCE/modules/juce_core/zip/zlib/uncompr.c"; sourceTree = "SOURCE_ROOT"; };
		7F112AD9E61D258054D2C9D6 = {isa = PBXFileReference; lastKnownFileType = sourcecode.c.h; name = "juce_RuntimePermissions.h"; path = "../../../JUCE/modules/juce_core/misc/juce_RuntimePermissions.h"; sourceTree = "SOURCE_ROOT"; };
		80588937A2627299AEF136A5 = {isa = PBXFileReference; lastKnownFileType = sourcecode.c.h; name = "juce_URL.h"; path = "../../../JUCE/modules/juce_core/network/juce_URL.h"; sourceTree = "SOURCE_ROOT"; };
		8172BA5C2C2305DF5D54C88F = {isa = PBXFileReference; lastKnownFileType = sourcecode.c.h; name = "juce_Javascript.h"; path = "../../../JUCE/modules/juce_core/javascript/juce_Javascript.h"; sourceTree = "SOURCE_ROOT"; };
		82340E6712C1AE3B31F8E7EC = {isa = PBXFileReference; lastKnownFileType = sourcecode.cpp.cpp; name = "juce_win32_Network.cpp"; path = "../../../JUCE/modules/juce_core/native/juce_win32_Network.cpp"; sourceTree = "SOURCE_ROOT"; };
		82D21F02D995541E83F81E24 = {isa = PBXFileReference; lastKnownFileType = sourcecode.c.h; name = "juce_MemoryInputStream.h"; path = "../../../JUCE/modules/juce_core/streams/juce_MemoryInputStream.h"; sourceTree = "SOURCE_ROOT"; };
		83AC5B7D314E6FF2C76262D0 = {isa = PBXFileReference; lastKnownFileType = sourcecode.c.h; name = "juce_StringPool.h"; path = "../../../JUCE/modules/juce_core/text/juce_StringPool.h"; sourceTree = "SOURCE_ROOT"; };
		83CFADB6FF9FD01F99BC1AC8 = {isa = PBXFileReference; lastKnownFileType = sourcecode.cpp.cpp; name = "juce_URL.cpp"; path = "../../../JUCE/modules/juce_core/network/juce_URL.cpp"; sourceTree = "SOURCE_ROOT"; };
		83FEA43569A9DFD36C841C42 = {isa = PBXFileReference; lastKnownFileType = sourcecode.cpp.cpp; name = "juce_ConnectedChildProcess.cpp"; path = "../../../JUCE/modules/juce_events/interprocess/juce_ConnectedChildProcess.cpp"; sourceTree = "SOURCE_ROOT"; };
		84546C2C4041277581D27699 = {isa = PBXFileReference; lastKnownFileType = sourcecode.cpp.cpp; name = "juce_core.cpp"; path = "../../../JUCE/modules/juce_core/juce_core.cpp"; sourceTree = "SOURCE_ROOT"; };
		84DD9E3360C497F553D35B47 = {isa = PBXFileReference; lastKnownFileType = sourcecode.c.h; name = "juce_Result.h"; path = "../../../JUCE/modules/juce_core/misc/juce_Result.h"; sourceTree = "SOURCE_ROOT"; };
		8554817BAF5BB1098A16B3FD = {isa = PBXFileReference; lastKnownFileType = sourcecode.cpp.cpp; name = "juce_android_Network.cpp"; path = "../../../JUCE/modules/juce_core/native/juce_android_Network.cpp"; sourceTree = "SOURCE_ROOT"; };
		88FD4288D404FED328B23187 = {isa = PBXFileReference; lastKnownFileType = sourcecode.cpp.cpp; name = "juce_StringPool.cpp"; path = "../../../JUCE/modules/juce_core/text/juce_StringPool.cpp"; sourceTree = "SOURCE_ROOT"; };
		8AF4106258F6D2456B1AD11B = {isa = PBXFileReference; lastKnownFileType = sourcecode.c.h; name = "juce_osx_MessageQueue.h"; path = "../../../JUCE/modules/juce_events/native/juce_osx_MessageQueue.h"; sourceTree = "SOURCE_ROOT"; };
		8CB5492F4C8E6D9BEDD188E6 = {isa = PBXFileReference; lastKnownFileType = sourcecode.c.h; name = "juce_events.h"; path = "../../../JUCE/modules/juce_events/juce_events.h"; sourceTree = "SOURCE_ROOT"; };
		8D3661958923B7EE46EA7E7D = {isa = PBXFileReference; lastKnownFileType = sourcecode.c.h; name = "juce_CharPointer_UTF16.h"; path = "../../../JUCE/modules/juce_core/text/juce_CharPointer_UTF16.h"; sourceTree = "SOURCE_ROOT"; };
		8E431CA67C48EC61DE81DBCD = {isa = PBXFileReference; lastKnownFileType = sourcecode.cpp.cpp; name = "juce_linux_SystemStats.cpp"; path = "../../../JUCE/modules/juce_core/native/juce_linux_SystemStats.cpp"; sourceTree = "SOURCE_ROOT"; };
		8F13C14A84C7F5B74B3AABEE = {isa = PBXFileReference; lastKnownFileType = sourcecode.cpp.cpp; name = "juce_linux_CommonFile.cpp"; path = "../../../JUCE/modules/juce_core/native/juce_linux_CommonFile.cpp"; sourceTree = "SOURCE_ROOT"; };
		8F14B67777EA897D0FB3CD8A = {isa = PBXFileReference; lastKnownFileType = sourcecode.c.h; name = "juce_WildcardFileFilter.h"; path = "../../../JUCE/modules/juce_core/files/juce_WildcardFileFilter.h"; sourceTree = "SOURCE_ROOT"; };
		8F1FC200D83E6B6BDA5462CD = {isa = PBXFileReference; lastKnownFileType = sourcecode.c.h; name = "juce_Value.h"; path = "../../../JUCE/modules/juce_data_structures/values/juce_Value.h"; sourceTree = "SOURCE_ROOT"; };
		910F722C1A2BA98713019FA8 = {isa = PBXFileReference; lastKnownFileType = sourcecode.c.h; name = "juce_HashMap.h"; path = "../../../JUCE/modules/juce_core/containers/juce_HashMap.h"; sourceTree = "SOURCE_ROOT"; };
		9147D7F2E016D0BC8536A256 = {isa = PBXFileReference; lastKnownFileType = sourcecode.c.h; name = "juce_NormalisableRange.h"; path = "../../../JUCE/modules/juce_core/maths/juce_NormalisableRange.h"; sourceTree = "SOURCE_ROOT"; };
		91CDA10F38F405E8BFB99B33 = {isa = PBXFileReference; lastKnownFileType = sourcecode.cpp.objcpp; name = "juce_cryptography.mm"; path = "../../../JUCE/modules/juce_cryptography/juce_cryptography.mm"; sourceTree = "SOURCE_ROOT"; };
		9265352449323AF2C3163C42 = {isa = PBXFileReference; lastKnownFileType = sourcecode.c.h; name = trees.h; path = "../../../JUCE/modules/juce_core/zip/zlib/trees.h"; sourceTree = "SOURCE_ROOT"; };
		932E8C36BBF95A96BCFCC7E0 = {isa = PBXFileReference; lastKnownFileType = sourcecode.c.h; name = "juce_PlatformDefs.h"; path = "../../../JUCE/modules/juce_core/system/juce_PlatformDefs.h"; sourceTree = "SOURCE_ROOT"; };
		958A488031657A0F6DD86206 = {isa = PBXFileReference; lastKnownFileType = sourcecode.cpp.cpp; name = "juce_File.cpp"; path = "../../../JUCE/modules/juce_core/files/juce_File.cpp"; sourceTree = "SOURCE_ROOT"; };
		98C1677EEB2466696CBA64CE = {isa = PBXFileReference; lastKnownFileType = sourcecode.c.h; name = "juce_BigInteger.h"; path = "../../../JUCE/modules/juce_core/maths/juce_BigInteger.h"; sourceTree = "SOURCE_ROOT"; };
		990FBE1AFA7E19C114E146D8 = {isa = PBXFileReference; lastKnownFileType = sourcecode.cpp.cpp; name = "juce_data_structures.cpp"; path = "../../../JUCE/modules/juce_data_structures/juce_data_structures.cpp"; sourceTree = "SOURCE_ROOT"; };
		99E9E3C5B08A778EC8CCD78D = {isa = PBXFileReference; lastKnownFileType = sourcecode.c.h; name = inffixed.h; path = "../../../JUCE/modules/juce_core/zip/zlib/inffixed.h"; sourceTree = "SOURCE_ROOT"; };
		9AF446447A3379F626AEADEA = {isa = PBXFileReference; lastKnownFileType = sourcecode.cpp.objcpp; name = "juce_cryptography.mm"; path = "../../JuceLibraryCode/juce_cryptography.mm"; sourceTree = "SOURCE_ROOT"; };
		9B7E8C0B4469F29B3C5A441D = {isa = PBXFileReference; lastKnownFileType = sourcecode.c.h; name = "juce_Message.h"; path = "../../../JUCE/modules/juce_events/messages/juce_Message.h"; sourceTree = "SOURCE_ROOT"; };
		9C6190D57D51C72231BBF6BF = {isa = PBXFileReference; lastKnownFileType = sourcecode.c.h; name = "juce_AsyncUpdater.h"; path = "../../../JUCE/modules/juce_events/broadcasters/juce_AsyncUpdater.h"; sourceTree = "SOURCE_ROOT"; };
		9CFA5F81DC42E61A125C2139 = {isa = PBXFileReference; lastKnownFileType = sourcecode.c.h; name = "juce_UnitTest.h"; path = "../../../JUCE/modules/juce_core/unit_tests/juce_UnitTest.h"; sourceTree = "SOURCE_ROOT"; };
		9DEA8DD4A7908620BB026629 = {isa = PBXFileReference; lastKnownFileType = sourcecode.c.h; name = "juce_ReferenceCountedArray.h"; path = "../../../JUCE/modules/juce_core/containers/juce_ReferenceCountedArray.h"; sourceTree = "SOURCE_ROOT"; };
		9E8205C3260262B5F27FFF9A = {isa = PBXFileReference; lastKnownFileType = sourcecode.cpp.cpp; name = "juce_Thread.cpp"; path = "../../../JUCE/modules/juce_core/threads/juce_Thread.cpp"; sourceTree = "SOURCE_ROOT"; };
		9ED96C88D6FF09B24B675B8C = {isa = PBXFileReference; lastKnownFileType = sourcecode.cpp.cpp; name = "juce_FileSearchPath.cpp"; path = "../../../JUCE/modules/juce_core/files/juce_FileSearchPath.cpp"; sourceTree = "SOURCE_ROOT"; };
		A367CF90AA94033805645337 = {isa = PBXFileReference; lastKnownFileType = sourcecode.cpp.cpp; name = "juce_MessageManager.cpp"; path = "../../../JUCE/modules/juce_events/messages/juce_MessageManager.cpp"; sourceTree = "SOURCE_ROOT"; };
		A47AF65725ABDC404CD1829B = {isa = PBXFileReference; lastKnownFileType = sourcecode.c.h; name = "juce_Process.h"; path = "../../../JUCE/modules/juce_core/threads/juce_Process.h"; sourceTree = "SOURCE_ROOT"; };
		A5462A42993680F20CB9056A = {isa = PBXFileReference; lastKnownFileType = sourcecode.cpp.cpp; name = "juce_Identifier.cpp"; path = "../../../JUCE/modules/juce_core/text/juce_Identifier.cpp"; sourceTree = "SOURCE_ROOT"; };
		A56DE05C95B585804DE11507 = {isa = PBXFileReference; lastKnownFileType = sourcecode.c.h; name = "juce_BasicNativeHeaders.h"; path = "../../../JUCE/modules/juce_core/native/juce_BasicNativeHeaders.h"; sourceTree = "SOURCE_ROOT"; };
		A6D350610FE926F98F27898B = {isa = PBXFileReference; lastKnownFileType = sourcecode.c.h; name = "juce_TemporaryFile.h"; path = "../../../JUCE/modules/juce_core/files/juce_TemporaryFile.h"; sourceTree = "SOURCE_ROOT"; };
		A7360D51314DB0D7494C2F0C = {isa = PBXFileReference; lastKnownFileType = sourcecode.c.h; name = "juce_MemoryBlock.h"; path = "../../../JUCE/modules/juce_core/memory/juce_MemoryBlock.h"; sourceTree = "SOURCE_ROOT"; };
		A7674FBE9E9FE03AEED07267 = {isa = PBXFileReference; lastKnownFileType = sourcecode.c.h; name = "juce_CharPointer_UTF8.h"; path = "../../../JUCE/modules/juce_core/text/juce_CharPointer_UTF8.h"; sourceTree = "SOURCE_ROOT"; };
		A7AD77118DF9B0132AC43651 = {isa = PBXFileReference; lastKnownFileType = sourcecode.c.h; name = "juce_ActionBroadcaster.h"; path = "../../../JUCE/modules/juce_events/broadcasters/juce_ActionBroadcaster.h"; sourceTree = "SOURCE_ROOT"; };
		A8F0996FBF32F299ACB1AB46 = {isa = PBXFileReference; lastKnownFileType = sourcecode.c.c; name = infback.c; path = "../../../JUCE/modules/juce_core/zip/zlib/infback.c"; sourceTree = "SOURCE_ROOT"; };
		A9A4F8F6DB6AF47480C8A530 = {isa = PBXFileReference; lastKnownFileType = sourcecode.c.h; name = "juce_SharedResourcePointer.h"; path = "../../../JUCE/modules/juce_core/memory/juce_SharedResourcePointer.h"; sourceTree = "SOURCE_ROOT"; };
		AA9B5D3A3E3F48E84878996F = {isa = PBXFileReference; lastKnownFileType = sourcecode.cpp.cpp; name = "juce_String.cpp"; path = "../../../JUCE/modules/juce_core/text/juce_String.cpp"; sourceTree = "SOURCE_ROOT"; };
		AAC256349724F7366F65BB27 = {isa = PBXFileReference; lastKnownFileType = sourcecode.c.h; name = "juce_Uuid.h"; path = "../../../JUCE/modules/juce_core/misc/juce_Uuid.h"; sourceTree = "SOURCE_ROOT"; };
		AB69EC19762AA53A946ADC66 = {isa = PBXFileReference; lastKnownFileType = sourcecode.cpp.cpp; name = "juce_RSAKey.cpp"; path = "../../../JUCE/modules/juce_cryptography/encryption/juce_RSAKey.cpp"; sourceTree = "SOURCE_ROOT"; };
		AB8E1F461CEEF3085181E13C = {isa = PBXFileReference; lastKnownFileType = sourcecode.c.h; name = "juce_ScopedReadLock.h"; path = "../../../JUCE/modules/juce_core/threads/juce_ScopedReadLock.h"; sourceTree = "SOURCE_ROOT"; };
		AB92A4DE5F171EC6D85C3E97 = {isa = PBXFileReference; lastKnownFileType = sourcecode.c.h; name = "juce_Atomic.h"; path = "../../../JUCE/modules/juce_core/memory/juce_Atomic.h"; sourceTree = "SOURCE_ROOT"; };
		AC096E8EC5C5A3654595ABCF = {isa = PBXFileReference; lastKnownFileType = sourcecode.cpp.objcpp; name = "juce_data_structures.mm"; path = "../../../JUCE/modules/juce_data_structures/juce_data_structures.mm"; sourceTree = "SOURCE_ROOT"; };
		AC28471268711A300E74B5DE = {isa = PBXFileReference; lastKnownFileType = sourcecode.cpp.cpp; name = main.cpp; path = "../../../pianola_external/pianola/main.cpp"; sourceTree = "SOURCE_ROOT"; };
		ACA8CA2170A1A930E4959E48 = {isa = PBXFileReference; lastKnownFileType = sourcecode.cpp.cpp; name = "juce_ApplicationProperties.cpp"; path = "../../../JUCE/modules/juce_data_structures/app_properties/juce_ApplicationProperties.cpp"; sourceTree = "SOURCE_ROOT"; };
		ACBBE54F663A4F746C57F5BE = {isa = PBXFileReference; lastKnownFileType = sourcecode.cpp.cpp; name = "juce_InputStream.cpp"; path = "../../../JUCE/modules/juce_core/streams/juce_InputStream.cpp"; sourceTree = "SOURCE_ROOT"; };
		ACFCED4596A51FC9268BD5FC = {isa = PBXFileReference; lastKnownFileType = file.nib; name = RecentFilesMenuTemplate.nib; path = RecentFilesMenuTemplate.nib; sourceTree = "SOURCE_ROOT"; };
		AE0DAFDEC524F2C264FF19BF = {isa = PBXFileReference; lastKnownFileType = sourcecode.c.h; name = "juce_ConnectedChildProcess.h"; path = "../../../JUCE/modules/juce_events/interprocess/juce_ConnectedChildProcess.h"; sourceTree = "SOURCE_ROOT"; };
		AE35B668AEB37AF62B648B86 = {isa = PBXFileReference; lastKnownFileType = sourcecode.c.h; name = "juce_FileFilter.h"; path = "../../../JUCE/modules/juce_core/files/juce_FileFilter.h"; sourceTree = "SOURCE_ROOT"; };
		AEE084C8DE540D498D8E304A = {isa = PBXFileReference; lastKnownFileType = sourcecode.c.h; name = "juce_XmlDocument.h"; path = "../../../JUCE/modules/juce_core/xml/juce_XmlDocument.h"; sourceTree = "SOURCE_ROOT"; };
		AF5BB3E788A1EF1DED38878B = {isa = PBXFileReference; lastKnownFileType = sourcecode.cpp.cpp; name = "juce_android_Files.cpp"; path = "../../../JUCE/modules/juce_core/native/juce_android_Files.cpp"; sourceTree = "SOURCE_ROOT"; };
		AF9557DE2E939C468711ED69 = {isa = PBXFileReference; lastKnownFileType = sourcecode.c.h; name = "juce_Variant.h"; path = "../../../JUCE/modules/juce_core/containers/juce_Variant.h"; sourceTree = "SOURCE_ROOT"; };
		AFB0BA23C8420F03FA17825C = {isa = PBXFileReference; lastKnownFileType = sourcecode.c.h; name = "juce_String.h"; path = "../../../JUCE/modules/juce_core/text/juce_String.h"; sourceTree = "SOURCE_ROOT"; };
		B015FDDE1F5BAD86B36BAD97 = {isa = PBXFileReference; lastKnownFileType = sourcecode.c.h; name = "juce_StringPairArray.h"; path = "../../../JUCE/modules/juce_core/text/juce_StringPairArray.h"; sourceTree = "SOURCE_ROOT"; };
		B11CFBF31FC2E7E6DC7D9D41 = {isa = PBXFileReference; lastKnownFileType = sourcecode.cpp.cpp; name = "juce_StringPairArray.cpp"; path = "../../../JUCE/modules/juce_core/text/juce_StringPairArray.cpp"; sourceTree = "SOURCE_ROOT"; };
		B15855CB80DA2E6443AD9462 = {isa = PBXFileReference; lastKnownFileType = sourcecode.c.h; name = "juce_ElementComparator.h"; path = "../../../JUCE/modules/juce_core/containers/juce_ElementComparator.h"; sourceTree = "SOURCE_ROOT"; };
		B1C6A5F7CF2CD916516C1BC5 = {isa = PBXFileReference; lastKnownFileType = sourcecode.c.h; name = "juce_XmlElement.h"; path = "../../../JUCE/modules/juce_core/xml/juce_XmlElement.h"; sourceTree = "SOURCE_ROOT"; };
		B28C7D69DFAE0CA815425CEE = {isa = PBXFileReference; lastKnownFileType = sourcecode.c.h; name = "juce_ArrayAllocationBase.h"; path = "../../../JUCE/modules/juce_core/containers/juce_ArrayAllocationBase.h"; sourceTree = "SOURCE_ROOT"; };
		B3812C825D7CF2C80BDF7359 = {isa = PBXFileReference; lastKnownFileType = sourcecode.c.h; name = "juce_mac_ClangBugWorkaround.h"; path = "../../../JUCE/modules/juce_core/native/juce_mac_ClangBugWorkaround.h"; sourceTree = "SOURCE_ROOT"; };
		B4596EDF62FCCD8F90B6FE0B = {isa = PBXFileReference; lastKnownFileType = sourcecode.c.h; name = "juce_NotificationType.h"; path = "../../../JUCE/modules/juce_events/messages/juce_NotificationType.h"; sourceTree = "SOURCE_ROOT"; };
		B50A051CBBFD5819F70A2D0D = {isa = PBXFileReference; lastKnownFileType = sourcecode.cpp.cpp; name = "juce_MemoryInputStream.cpp"; path = "../../../JUCE/modules/juce_core/streams/juce_MemoryInputStream.cpp"; sourceTree = "SOURCE_ROOT"; };
		B515FCE00511A2957E3CF556 = {isa = PBXFileReference; lastKnownFileType = sourcecode.c.c; name = adler32.c; path = "../../../JUCE/modules/juce_core/zip/zlib/adler32.c"; sourceTree = "SOURCE_ROOT"; };
		B68CA941BDCE735471B9C417 = {isa = PBXFileReference; lastKnownFileType = sourcecode.c.h; name = "juce_Time.h"; path = "../../../JUCE/modules/juce_core/time/juce_Time.h"; sourceTree = "SOURCE_ROOT"; };
		B6F082683699F4CE19FDD597 = {isa = PBXFileReference; lastKnownFileType = sourcecode.cpp.cpp; name = "juce_Value.cpp"; path = "../../../JUCE/modules/juce_data_structures/values/juce_Value.cpp"; sourceTree = "SOURCE_ROOT"; };
		B74D8A2EC3EAE3F7785C6BC2 = {isa = PBXFileReference; lastKnownFileType = sourcecode.c.h; name = "juce_ReadWriteLock.h"; path = "../../../JUCE/modules/juce_core/threads/juce_ReadWriteLock.h"; sourceTree = "SOURCE_ROOT"; };
		B7FBB562A50DFD51752C2566 = {isa = PBXFileReference; lastKnownFileType = sourcecode.cpp.cpp; name = "juce_Uuid.cpp"; path = "../../../JUCE/modules/juce_core/misc/juce_Uuid.cpp"; sourceTree = "SOURCE_ROOT"; };
		BA89D700B4CCD5CCDC1D15F1 = {isa = PBXFileReference; lastKnownFileType = sourcecode.c.h; name = "juce_Whirlpool.h"; path = "../../../JUCE/modules/juce_cryptography/hashing/juce_Whirlpool.h"; sourceTree = "SOURCE_ROOT"; };
		BACF6D14FDA5EC09BC7B79DC = {isa = PBXFileReference; lastKnownFileType = sourcecode.cpp.cpp; name = "juce_DeletedAtShutdown.cpp"; path = "../../../JUCE/modules/juce_events/messages/juce_DeletedAtShutdown.cpp"; sourceTree = "SOURCE_ROOT"; };
		BB0965111E2A5041F030923D = {isa = PBXFileReference; lastKnownFileType = sourcecode.c.h; name = "juce_MessageManager.h"; path = "../../../JUCE/modules/juce_events/messages/juce_MessageManager.h"; sourceTree = "SOURCE_ROOT"; };
		BE640720BD46F6BD22CCB47E = {isa = PBXFileReference; lastKnownFileType = sourcecode.cpp.cpp; name = "juce_Expression.cpp"; path = "../../../JUCE/modules/juce_core/maths/juce_Expression.cpp"; sourceTree = "SOURCE_ROOT"; };
		BEEFF7A98D049C6CCBBA5533 = {isa = PBXFileReference; lastKnownFileType = sourcecode.cpp.cpp; name = "juce_ValueTree.cpp"; path = "../../../JUCE/modules/juce_data_structures/values/juce_ValueTree.cpp"; sourceTree = "SOURCE_ROOT"; };
		BF0D358C44190379F1E58D4D = {isa = PBXFileReference; lastKnownFileType = sourcecode.c.h; name = crc32.h; path = "../../../JUCE/modules/juce_core/zip/zlib/crc32.h"; sourceTree = "SOURCE_ROOT"; };
		BFC111E49E4308C54E3A9EE5 = {isa = PBXFileReference; lastKnownFileType = sourcecode.c.h; name = "juce_LinkedListPointer.h"; path = "../../../JUCE/modules/juce_core/containers/juce_LinkedListPointer.h"; sourceTree = "SOURCE_ROOT"; };
		C1461972F71A03A90460A4EE = {isa = PBXFileReference; lastKnownFileType = sourcecode.c.h; name = "juce_TimeSliceThread.h"; path = "../../../JUCE/modules/juce_core/threads/juce_TimeSliceThread.h"; sourceTree = "SOURCE_ROOT"; };
		C1DFE5F00ADA63B255F9E3F7 = {isa = PBXFileReference; lastKnownFileType = sourcecode.c.h; name = Network.h; path = "../../../pianola_external/pianola/Network.h"; sourceTree = "SOURCE_ROOT"; };
		C2DC9A988D96497666C597C1 = {isa = PBXFileReference; lastKnownFileType = sourcecode.cpp.cpp; name = "juce_NamedPipe.cpp"; path = "../../../JUCE/modules/juce_core/network/juce_NamedPipe.cpp"; sourceTree = "SOURCE_ROOT"; };
		C3C6FD80E454DC29D1AD98C9 = {isa = PBXFileReference; lastKnownFileType = sourcecode.c.h; name = "juce_BlowFish.h"; path = "../../../JUCE/modules/juce_cryptography/encryption/juce_BlowFish.h"; sourceTree = "SOURCE_ROOT"; };
		C472F0453F93C6A99E415D4B = {isa = PBXFileReference; lastKnownFileType = sourcecode.c.h; name = "juce_DynamicLibrary.h"; path = "../../../JUCE/modules/juce_core/threads/juce_DynamicLibrary.h"; sourceTree = "SOURCE_ROOT"; };
		C712BF98A5B5495795F062F4 = {isa = PBXFileReference; lastKnownFileType = sourcecode.c.h; name = "juce_win32_HiddenMessageWindow.h"; path = "../../../JUCE/modules/juce_events/native/juce_win32_HiddenMessageWindow.h"; sourceTree = "SOURCE_ROOT"; };
		C71597D14D7BE8DE1253316F = {isa = PBXFileReference; lastKnownFileType = sourcecode.c.h; name = "juce_DynamicObject.h"; path = "../../../JUCE/modules/juce_core/containers/juce_DynamicObject.h"; sourceTree = "SOURCE_ROOT"; };
		C7501817BE9BA252A5D06682 = {isa = PBXFileReference; lastKnownFileType = sourcecode.c.h; name = "juce_SpinLock.h"; path = "../../../JUCE/modules/juce_core/threads/juce_SpinLock.h"; sourceTree = "SOURCE_ROOT"; };
		C7B0BBE4A78CF9E72319FA28 = {isa = PBXFileReference; lastKnownFileType = sourcecode.cpp.objcpp; name = "juce_core.mm"; path = "../../JuceLibraryCode/juce_core.mm"; sourceTree = "SOURCE_ROOT"; };
		C7F29E1380D396AC8D6C171F = {isa = PBXFileReference; lastKnownFileType = sourcecode.cpp.cpp; name = "juce_WildcardFileFilter.cpp"; path = "../../../JUCE/modules/juce_core/files/juce_WildcardFileFilter.cpp"; sourceTree = "SOURCE_ROOT"; };
		C84694D4F9FB84A44B9F9628 = {isa = PBXFileReference; lastKnownFileType = sourcecode.c.h; name = "juce_DeletedAtShutdown.h"; path = "../../../JUCE/modules/juce_events/messages/juce_DeletedAtShutdown.h"; sourceTree = "SOURCE_ROOT"; };
		C8ED3EB3BB9A7C502A9BC66D = {isa = PBXFileReference; lastKnownFileType = sourcecode.cpp.cpp; name = "juce_Whirlpool.cpp"; path = "../../../JUCE/modules/juce_cryptography/hashing/juce_Whirlpool.cpp"; sourceTree = "SOURCE_ROOT"; };
		C9D0045B7D46607647F54552 = {isa = PBXFileReference; lastKnownFileType = sourcecode.cpp.cpp; name = "juce_MemoryOutputStream.cpp"; path = "../../../JUCE/modules/juce_core/streams/juce_MemoryOutputStream.cpp"; sourceTree = "SOURCE_ROOT"; };
		C9FAE249E530372DA4A52AD3 = {isa = PBXFileReference; lastKnownFileType = sourcecode.cpp.cpp; name = "juce_BlowFish.cpp"; path = "../../../JUCE/modules/juce_cryptography/encryption/juce_BlowFish.cpp"; sourceTree = "SOURCE_ROOT"; };
		CA34F98BABFD8000FD86D95C = {isa = PBXFileReference; lastKnownFileType = sourcecode.cpp.cpp; name = "juce_GZIPDecompressorInputStream.cpp"; path = "../../../JUCE/modules/juce_core/zip/juce_GZIPDecompressorInputStream.cpp"; sourceTree = "SOURCE_ROOT"; };
		CA44177F07F42FBE6B880CFD = {isa = PBXFileReference; lastKnownFileType = sourcecode.cpp.cpp; name = "juce_InterprocessConnectionServer.cpp"; path = "../../../JUCE/modules/juce_events/interprocess/juce_InterprocessConnectionServer.cpp"; sourceTree = "SOURCE_ROOT"; };
		CB92E7928F463F5D3DD5ADAB = {isa = PBXFileReference; lastKnownFileType = sourcecode.c.h; name = inftrees.h; path = "../../../JUCE/modules/juce_core/zip/zlib/inftrees.h"; sourceTree = "SOURCE_ROOT"; };
		CC26D4BE5FE2A1FCDF175421 = {isa = PBXFileReference; lastKnownFileType = sourcecode.cpp.cpp; name = "juce_JSON.cpp"; path = "../../../JUCE/modules/juce_core/javascript/juce_JSON.cpp"; sourceTree = "SOURCE_ROOT"; };
		CC33D81FC9094F654E6DF01C = {isa = PBXFileReference; lastKnownFileType = sourcecode.cpp.cpp; name = "juce_ValueTreeSynchroniser.cpp"; path = "../../../JUCE/modules/juce_data_structures/values/juce_ValueTreeSynchroniser.cpp"; sourceTree = "SOURCE_ROOT"; };
		CCBB9122952422D42A94432F = {isa = PBXFileReference; lastKnownFileType = sourcecode.c.h; name = "juce_ValueTreeSynchroniser.h"; path = "../../../JUCE/modules/juce_data_structures/values/juce_ValueTreeSynchroniser.h"; sourceTree = "SOURCE_ROOT"; };
		CD8AF8222E946803F52E3DB4 = {isa = PBXFileReference; lastKnownFileType = sourcecode.cpp.cpp; name = Network.cpp; path = "../../../pianola_external/pianola/Network.cpp"; sourceTree = "SOURCE_ROOT"; };
		CDF5672BA11B255A8F4B9D52 = {isa = PBXFileReference; lastKnownFileType = sourcecode.c.h; name = "juce_SparseSet.h"; path = "../../../JUCE/modules/juce_core/containers/juce_SparseSet.h"; sourceTree = "SOURCE_ROOT"; };
		CE84E040EB1024F3DA32CFFD = {isa = PBXFileReference; lastKnownFileType = sourcecode.c.h; name = "juce_android_JNIHelpers.h"; path = "../../../JUCE/modules/juce_core/native/juce_android_JNIHelpers.h"; sourceTree = "SOURCE_ROOT"; };
		CF2190C1CFD92616FB495FD0 = {isa = PBXFileReference; lastKnownFileType = sourcecode.c.h; name = "juce_Range.h"; path = "../../../JUCE/modules/juce_core/maths/juce_Range.h"; sourceTree = "SOURCE_ROOT"; };
		CF6D54A3FD7D9F2BCE169F82 = {isa = PBXFileReference; lastKnownFileType = sourcecode.cpp.cpp; name = "juce_win32_Files.cpp"; path = "../../../JUCE/modules/juce_core/native/juce_win32_Files.cpp"; sourceTree = "SOURCE_ROOT"; };
		CFBA90912923303F9C0BA3B4 = {isa = PBXFileReference; lastKnownFileType = sourcecode.c.h; name = "juce_AbstractFifo.h"; path = "../../../JUCE/modules/juce_core/containers/juce_AbstractFifo.h"; sourceTree = "SOURCE_ROOT"; };
		D02EC29DFEC511F30FECE910 = {isa = PBXFileReference; lastKnownFileType = sourcecode.c.h; name = "juce_InterProcessLock.h"; path = "../../../JUCE/modules/juce_core/threads/juce_InterProcessLock.h"; sourceTree = "SOURCE_ROOT"; };
		D05E7E8C90654E641CCB0630 = {isa = PBXFileReference; lastKnownFileType = sourcecode.c.h; name = deflate.h; path = "../../../JUCE/modules/juce_core/zip/zlib/deflate.h"; sourceTree = "SOURCE_ROOT"; };
		D0C7BC8C9F4772FBB95FB0D0 = {isa = PBXFileReference; lastKnownFileType = sourcecode.c.h; name = "juce_ReferenceCountedObject.h"; path = "../../../JUCE/modules/juce_core/memory/juce_ReferenceCountedObject.h"; sourceTree = "SOURCE_ROOT"; };
		D234ED707DFB8FEF60429F57 = {isa = PBXFileReference; lastKnownFileType = sourcecode.c.c; name = crc32.c; path = "../../../JUCE/modules/juce_core/zip/zlib/crc32.c"; sourceTree = "SOURCE_ROOT"; };
		D33D74162ADEED562849F6BD = {isa = PBXFileReference; lastKnownFileType = sourcecode.cpp.objcpp; name = "juce_mac_SystemStats.mm"; path = "../../../JUCE/modules/juce_core/native/juce_mac_SystemStats.mm"; sourceTree = "SOURCE_ROOT"; };
		D3A8106D8CCB72BCBF7C6897 = {isa = PBXFileReference; lastKnownFileType = sourcecode.c.h; name = "juce_PropertySet.h"; path = "../../../JUCE/modules/juce_core/containers/juce_PropertySet.h"; sourceTree = "SOURCE_ROOT"; };
		D4CCB373B784EC4559056D7B = {isa = PBXFileReference; lastKnownFileType = sourcecode.cpp.objcpp; name = "juce_mac_MessageManager.mm"; path = "../../../JUCE/modules/juce_events/native/juce_mac_MessageManager.mm"; sourceTree = "SOURCE_ROOT"; };
		D4D00ADE249F8D3BEF0ED4BA = {isa = PBXFileReference; lastKnownFileType = sourcecode.cpp.cpp; name = "juce_MACAddress.cpp"; path = "../../../JUCE/modules/juce_core/network/juce_MACAddress.cpp"; sourceTree = "SOURCE_ROOT"; };
		D5061A038D6A4DAF2BB84434 = {isa = PBXFileReference; lastKnownFileType = sourcecode.cpp.cpp; name = "juce_OutputStream.cpp"; path = "../../../JUCE/modules/juce_core/streams/juce_OutputStream.cpp"; sourceTree = "SOURCE_ROOT"; };
		D6CDC944B21FE6354ACFCC57 = {isa = PBXFileReference; lastKnownFileType = sourcecode.c.h; name = "juce_data_structures.h"; path = "../../../JUCE/modules/juce_data_structures/juce_data_structures.h"; sourceTree = "SOURCE_ROOT"; };
		D6E7BFA7F7F1D0E8181DCB0B = {isa = PBXFileReference; lastKnownFileType = sourcecode.c.h; name = "juce_PerformanceCounter.h"; path = "../../../JUCE/modules/juce_core/time/juce_PerformanceCounter.h"; sourceTree = "SOURCE_ROOT"; };
		D7366734B7D2BD269A3887AC = {isa = PBXFileReference; lastKnownFileType = sourcecode.c.h; name = "juce_FileSearchPath.h"; path = "../../../JUCE/modules/juce_core/files/juce_FileSearchPath.h"; sourceTree = "SOURCE_ROOT"; };
		D81DE75994BF332D3ACFD540 = {isa = PBXFileReference; lastKnownFileType = sourcecode.c.h; name = "juce_ContainerDeletePolicy.h"; path = "../../../JUCE/modules/juce_core/memory/juce_ContainerDeletePolicy.h"; sourceTree = "SOURCE_ROOT"; };
		D8392987C3A39C9860A3EC8F = {isa = PBXFileReference; lastKnownFileType = sourcecode.cpp.cpp; name = "juce_linux_Network.cpp"; path = "../../../JUCE/modules/juce_core/native/juce_linux_Network.cpp"; sourceTree = "SOURCE_ROOT"; };
		D8E2DBB1868A85FEE5A569A1 = {isa = PBXFileReference; lastKnownFileType = sourcecode.c.h; name = "juce_FileOutputStream.h"; path = "../../../JUCE/modules/juce_core/files/juce_FileOutputStream.h"; sourceTree = "SOURCE_ROOT"; };
		D910A6B0479172B3140E9CB6 = {isa = PBXFileReference; lastKnownFileType = sourcecode.c.h; name = "juce_MACAddress.h"; path = "../../../JUCE/modules/juce_core/network/juce_MACAddress.h"; sourceTree = "SOURCE_ROOT"; };
		D928E07209B6E3D04F8AF0CD = {isa = PBXFileReference; lastKnownFileType = sourcecode.c.h; name = "juce_ScopedPointer.h"; path = "../../../JUCE/modules/juce_core/memory/juce_ScopedPointer.h"; sourceTree = "SOURCE_ROOT"; };
		DA741E7711B23A0484592A43 = {isa = PBXFileReference; lastKnownFileType = sourcecode.c.h; name = "juce_MemoryMappedFile.h"; path = "../../../JUCE/modules/juce_core/files/juce_MemoryMappedFile.h"; sourceTree = "SOURCE_ROOT"; };
		DAC1A1BA5DB61B4F762A2CB0 = {isa = PBXFileReference; lastKnownFileType = sourcecode.c.h; name = "juce_IPAddress.h"; path = "../../../JUCE/modules/juce_core/network/juce_IPAddress.h"; sourceTree = "SOURCE_ROOT"; };
		DAE1A8A7E7E62A7D112C9C90 = {isa = PBXFileReference; lastKnownFileType = sourcecode.cpp.cpp; name = "juce_TimeSliceThread.cpp"; path = "../../../JUCE/modules/juce_core/threads/juce_TimeSliceThread.cpp"; sourceTree = "SOURCE_ROOT"; };
		DAF3DA9EABA4215F608F6B41 = {isa = PBXFileReference; lastKnownFileType = sourcecode.cpp.cpp; name = "juce_Timer.cpp"; path = "../../../JUCE/modules/juce_events/timers/juce_Timer.cpp"; sourceTree = "SOURCE_ROOT"; };
		DC5364E34B972ADC4B097084 = {isa = PBXFileReference; lastKnownFileType = sourcecode.cpp.cpp; name = Enums.cpp; path = "../../../pianola_external/pianola/Enums.cpp"; sourceTree = "SOURCE_ROOT"; };
		DDFF87BA730CA8EB7F52C8D5 = {isa = PBXFileReference; lastKnownFileType = sourcecode.c.c; name = inftrees.c; path = "../../../JUCE/modules/juce_core/zip/zlib/inftrees.c"; sourceTree = "SOURCE_ROOT"; };
		DEA6A5D0FC13F13B7E237302 = {isa = PBXFileReference; lastKnownFileType = sourcecode.c.h; name = "juce_ScopedValueSetter.h"; path = "../../../JUCE/modules/juce_core/containers/juce_ScopedValueSetter.h"; sourceTree = "SOURCE_ROOT"; };
		DEB0FA8369A312A4F44F4F21 = {isa = PBXFileReference; lastKnownFileType = sourcecode.cpp.cpp; name = "juce_SubregionStream.cpp"; path = "../../../JUCE/modules/juce_core/streams/juce_SubregionStream.cpp"; sourceTree = "SOURCE_ROOT"; };
		DFCCE00F0E3EA06754E02D6B = {isa = PBXFileReference; lastKnownFileType = sourcecode.c.h; name = "juce_HeapBlock.h"; path = "../../../JUCE/modules/juce_core/memory/juce_HeapBlock.h"; sourceTree = "SOURCE_ROOT"; };
		E1FA03327AA1D7A1696D84C6 = {isa = PBXFileReference; lastKnownFileType = sourcecode.c.h; name = "juce_ActionListener.h"; path = "../../../JUCE/modules/juce_events/broadcasters/juce_ActionListener.h"; sourceTree = "SOURCE_ROOT"; };
		E2CF0811607CEDCBA07D0802 = {isa = PBXFileReference; lastKnownFileType = sourcecode.cpp.cpp; name = "juce_XmlDocument.cpp"; path = "../../../JUCE/modules/juce_core/xml/juce_XmlDocument.cpp"; sourceTree = "SOURCE_ROOT"; };
		E36665AA865ADADFC230EABE = {isa = PBXFileReference; lastKnownFileType = sourcecode.c.h; name = "juce_CharacterFunctions.h"; path = "../../../JUCE/modules/juce_core/text/juce_CharacterFunctions.h"; sourceTree = "SOURCE_ROOT"; };
		E410F2A4BE414FFCAD16CD33 = {isa = PBXFileReference; lastKnownFileType = sourcecode.c.h; name = "juce_OutputStream.h"; path = "../../../JUCE/modules/juce_core/streams/juce_OutputStream.h"; sourceTree = "SOURCE_ROOT"; };
		E5872683373E1554D5677D19 = {isa = PBXFileReference; lastKnownFileType = sourcecode.cpp.cpp; name = "juce_XmlElement.cpp"; path = "../../../JUCE/modules/juce_core/xml/juce_XmlElement.cpp"; sourceTree = "SOURCE_ROOT"; };
		E5ECC0A5E35CB92F47ACEDC4 = {isa = PBXFileReference; lastKnownFileType = sourcecode.c.h; name = "juce_Primes.h"; path = "../../../JUCE/modules/juce_cryptography/encryption/juce_Primes.h"; sourceTree = "SOURCE_ROOT"; };
		E69CF1832AA073759E370F1A = {isa = PBXFileReference; lastKnownFileType = sourcecode.c.h; name = "juce_ThreadPool.h"; path = "../../../JUCE/modules/juce_core/threads/juce_ThreadPool.h"; sourceTree = "SOURCE_ROOT"; };
		E69E7D1D37C514D1B7AE8191 = {isa = PBXFileReference; lastKnownFileType = sourcecode.c.h; name = "juce_WeakReference.h"; path = "../../../JUCE/modules/juce_core/memory/juce_WeakReference.h"; sourceTree = "SOURCE_ROOT"; };
		E792B4A2EC853B35F60E16F0 = {isa = PBXFileReference; lastKnownFileType = sourcecode.cpp.cpp; name = "juce_BufferedInputStream.cpp"; path = "../../../JUCE/modules/juce_core/streams/juce_BufferedInputStream.cpp"; sourceTree = "SOURCE_ROOT"; };
		EBD2E9C508C3B1C8F9328FCE = {isa = PBXFileReference; lastKnownFileType = sourcecode.c.h; name = "juce_TargetPlatform.h"; path = "../../../JUCE/modules/juce_core/system/juce_TargetPlatform.h"; sourceTree = "SOURCE_ROOT"; };
		ECB57AC04DB065191C3E271D = {isa = PBXFileReference; lastKnownFileType = sourcecode.cpp.cpp; name = "juce_Random.cpp"; path = "../../../JUCE/modules/juce_core/maths/juce_Random.cpp"; sourceTree = "SOURCE_ROOT"; };
		ECBEBF3A2244477809C853C2 = {isa = PBXFileReference; lastKnownFileType = sourcecode.c.h; name = "juce_OptionalScopedPointer.h"; path = "../../../JUCE/modules/juce_core/memory/juce_OptionalScopedPointer.h"; sourceTree = "SOURCE_ROOT"; };
		EDE30B49E334988DFCBA076D = {isa = PBXFileReference; lastKnownFileType = sourcecode.cpp.objcpp; name = "juce_events.mm"; path = "../../JuceLibraryCode/juce_events.mm"; sourceTree = "SOURCE_ROOT"; };
		EDFEA34A6BC3195A2E79152A = {isa = PBXFileReference; lastKnownFileType = sourcecode.c.h; name = "juce_CharPointer_UTF32.h"; path = "../../../JUCE/modules/juce_core/text/juce_CharPointer_UTF32.h"; sourceTree = "SOURCE_ROOT"; };
		EE2A3261F0A87647A8782D4B = {isa = PBXFileReference; lastKnownFileType = sourcecode.cpp.cpp; name = "juce_Logger.cpp"; path = "../../../JUCE/modules/juce_core/logging/juce_Logger.cpp"; sourceTree = "SOURCE_ROOT"; };
		EE2E5E4FFE87E15B65238DD7 = {isa = PBXFileReference; lastKnownFileType = sourcecode.c.h; name = "juce_SubregionStream.h"; path = "../../../JUCE/modules/juce_core/streams/juce_SubregionStream.h"; sourceTree = "SOURCE_ROOT"; };
		EED98601CABE40B0FC6661DD = {isa = PBXFileReference; lastKnownFileType = sourcecode.cpp.cpp; name = "juce_TemporaryFile.cpp"; path = "../../../JUCE/modules/juce_core/files/juce_TemporaryFile.cpp"; sourceTree = "SOURCE_ROOT"; };
		EF24AAEC6050ABE6572B7A88 = {isa = PBXFileReference; lastKnownFileType = sourcecode.c.h; name = "juce_win32_ComSmartPtr.h"; path = "../../../JUCE/modules/juce_core/native/juce_win32_ComSmartPtr.h"; sourceTree = "SOURCE_ROOT"; };
		F09EF8DC2B6225F49A37C35D = {isa = PBXFileReference; lastKnownFileType = sourcecode.cpp.cpp; name = "juce_android_Misc.cpp"; path = "../../../JUCE/modules/juce_core/native/juce_android_Misc.cpp"; sourceTree = "SOURCE_ROOT"; };
		F12DCD76421C7249D8617137 = {isa = PBXFileReference; lastKnownFileType = sourcecode.c.c; name = inffast.c; path = "../../../JUCE/modules/juce_core/zip/zlib/inffast.c"; sourceTree = "SOURCE_ROOT"; };
		F15698FCE46D7AECDCACD2CC = {isa = PBXFileReference; lastKnownFileType = sourcecode.cpp.cpp; name = "juce_MultiTimer.cpp"; path = "../../../JUCE/modules/juce_events/timers/juce_MultiTimer.cpp"; sourceTree = "SOURCE_ROOT"; };
		F27F91153C107F5FB98A5D98 = {isa = PBXFileReference; lastKnownFileType = sourcecode.c.h; name = "juce_Identifier.h"; path = "../../../JUCE/modules/juce_core/text/juce_Identifier.h"; sourceTree = "SOURCE_ROOT"; };
		F2851269389CB55A8137CA37 = {isa = PBXFileReference; lastKnownFileType = sourcecode.cpp.objcpp; name = "juce_mac_Strings.mm"; path = "../../../JUCE/modules/juce_core/native/juce_mac_Strings.mm"; sourceTree = "SOURCE_ROOT"; };
		F44D128805ED26BC5DE124F6 = {isa = PBXFileReference; lastKnownFileType = sourcecode.c.h; name = defines.h; path = "../../../pianola_external/pianola/defines.h"; sourceTree = "SOURCE_ROOT"; };
		F6332FC3AF80C38B490C50EF = {isa = PBXFileReference; lastKnownFileType = sourcecode.cpp.cpp; name = "juce_linux_Threads.cpp"; path = "../../../JUCE/modules/juce_core/native/juce_linux_Threads.cpp"; sourceTree = "SOURCE_ROOT"; };
		F6D336B0EF24C5715558F0FC = {isa = PBXFileReference; lastKnownFileType = sourcecode.cpp.cpp; name = "juce_Javascript.cpp"; path = "../../../JUCE/modules/juce_core/javascript/juce_Javascript.cpp"; sourceTree = "SOURCE_ROOT"; };
		F6FC6652FE502429011E9DFB = {isa = PBXFileReference; lastKnownFileType = sourcecode.cpp.objcpp; name = "juce_mac_Network.mm"; path = "../../../JUCE/modules/juce_core/native/juce_mac_Network.mm"; sourceTree = "SOURCE_ROOT"; };
		F874DBC3149BB48054DCAE0E = {isa = PBXFileReference; lastKnownFileType = sourcecode.cpp.cpp; name = "juce_NamedValueSet.cpp"; path = "../../../JUCE/modules/juce_core/containers/juce_NamedValueSet.cpp"; sourceTree = "SOURCE_ROOT"; };
		F97CFFF89D8F83BC86136A4A = {isa = PBXFileReference; lastKnownFileType = sourcecode.cpp.cpp; name = "juce_CachedValue.cpp"; path = "../../../JUCE/modules/juce_data_structures/values/juce_CachedValue.cpp"; sourceTree = "SOURCE_ROOT"; };
		FA2050E4572D81E7F55BEB8D = {isa = PBXFileReference; lastKnownFileType = sourcecode.cpp.cpp; name = "juce_ChildProcess.cpp"; path = "../../../JUCE/modules/juce_core/threads/juce_ChildProcess.cpp"; sourceTree = "SOURCE_ROOT"; };
		FB7C6E7D2082C1BC4DBCDF80 = {isa = PBXFileReference; lastKnownFileType = sourcecode.cpp.objcpp; name = "juce_core.mm"; path = "../../../JUCE/modules/juce_core/juce_core.mm"; sourceTree = "SOURCE_ROOT"; };
		FC0446791332601BCE36F940 = {isa = PBXFileReference; lastKnownFileType = sourcecode.c.h; name = "juce_BufferedInputStream.h"; path = "../../../JUCE/modules/juce_core/streams/juce_BufferedInputStream.h"; sourceTree = "SOURCE_ROOT"; };
		FDBC09437EAE82543B0B3E01 = {isa = PBXFileReference; lastKnownFileType = sourcecode.cpp.cpp; name = "juce_TextDiff.cpp"; path = "../../../JUCE/modules/juce_core/text/juce_TextDiff.cpp"; sourceTree = "SOURCE_ROOT"; };
		FE2A1668B32638CE3F2F83BA = {isa = PBXFileReference; explicitFileType = archive.ar; includeInIndex = 0; path = "libpianola_juce_external.a"; sourceTree = "BUILT_PRODUCTS_DIR"; };
		FF47240BBAFDBB93FBDDF4B3 = {isa = PBXFileReference; lastKnownFileType = sourcecode.cpp.cpp; name = "juce_PerformanceCounter.cpp"; path = "../../../JUCE/modules/juce_core/time/juce_PerformanceCounter.cpp"; sourceTree = "SOURCE_ROOT"; };
		B8AF90926D003FFFEB317888 = {isa = PBXGroup; children = (
					F44D128805ED26BC5DE124F6,
					7561090318639F39ED4BEF67,
					DC5364E34B972ADC4B097084,
					2BEFC824ED58AA2A1508FE74,
					AC28471268711A300E74B5DE,
					CD8AF8222E946803F52E3DB4,
					C1DFE5F00ADA63B255F9E3F7,
					5D98AC4A06A7247946D05624,
					576C8A8586D83A73668AAC83,
					050C9D551523B94C13E4AF83,
					6BF7D6DED100A1D4464CA167, ); name = Source; sourceTree = "<group>"; };
		7E1C9946DB2D5185A7FA5E84 = {isa = PBXGroup; children = (
					B8AF90926D003FFFEB317888, ); name = "pianola_juce_external"; sourceTree = "<group>"; };
		096B5465BC4AEBBD4E70544F = {isa = PBXGroup; children = (
					767DFC219D7EAE932B18A13F,
					CFBA90912923303F9C0BA3B4,
					4A0A225EE7FE3D15546CD5E8,
					B28C7D69DFAE0CA815425CEE,
					5CC9968339EF86F1E0F64D3A,
					C71597D14D7BE8DE1253316F,
					B15855CB80DA2E6443AD9462,
					910F722C1A2BA98713019FA8,
					BFC111E49E4308C54E3A9EE5,
					19FDB1B92816B0A24B6B6143,
					F874DBC3149BB48054DCAE0E,
					05B062B730DFBCA176231B27,
					13816B9C01BA92CECD165738,
					098D86EBD11527BD7BB4ED3E,
					D3A8106D8CCB72BCBF7C6897,
					9DEA8DD4A7908620BB026629,
					DEA6A5D0FC13F13B7E237302,
					6A24EBE32358D58B1EF89E97,
					CDF5672BA11B255A8F4B9D52,
					56D8B41DA6225E320AB64756,
					AF9557DE2E939C468711ED69, ); name = containers; sourceTree = "<group>"; };
		B1E99E6072D16EAE50162326 = {isa = PBXGroup; children = (
					5A3C0CE61005A5E7A21F6ACC,
					2EFCA95F81700E733BFE0ACA,
					958A488031657A0F6DD86206,
					64FFA27BED645A04FF29EDB7,
					57E63F0DD4997B6D80614256,
					AE35B668AEB37AF62B648B86,
					5E1AA335838210C1B7A8EFAE,
					50F450E2B2038289E4E4D792,
					600B4F47511283ACADEE20FA,
					D8E2DBB1868A85FEE5A569A1,
					9ED96C88D6FF09B24B675B8C,
					D7366734B7D2BD269A3887AC,
					DA741E7711B23A0484592A43,
					EED98601CABE40B0FC6661DD,
					A6D350610FE926F98F27898B,
					C7F29E1380D396AC8D6C171F,
					8F14B67777EA897D0FB3CD8A, ); name = files; sourceTree = "<group>"; };
		34BE94E180B5A1365078B3B0 = {isa = PBXGroup; children = (
					F6D336B0EF24C5715558F0FC,
					8172BA5C2C2305DF5D54C88F,
					CC26D4BE5FE2A1FCDF175421,
					2028CF10FBC97122AE9A6A4B, ); name = javascript; sourceTree = "<group>"; };
		F47A157F21E15AD055B50483 = {isa = PBXGroup; children = (
					039807492C6B0ACC9FF9F37E,
					79E84A4ED9DA6FF5826C2339,
					EE2A3261F0A87647A8782D4B,
					2D56F2F6F38DFE0A5891FA56, ); name = logging; sourceTree = "<group>"; };
		6FF240763620F592DC961994 = {isa = PBXGroup; children = (
					354BC502810AD5E027D63990,
					98C1677EEB2466696CBA64CE,
					BE640720BD46F6BD22CCB47E,
					211C260A639C45C9A212E059,
					56BA887668477BC6F88CCB80,
					9147D7F2E016D0BC8536A256,
					ECB57AC04DB065191C3E271D,
					61C9B986004DDA6BB757084B,
					CF2190C1CFD92616FB495FD0,
					372D4E9D6E5BB1F3CB1034DA, ); name = maths; sourceTree = "<group>"; };
		3DA9EAA5B7DBBF4C6F628D2B = {isa = PBXGroup; children = (
					AB92A4DE5F171EC6D85C3E97,
					2E522078855289B7389E7D45,
					D81DE75994BF332D3ACFD540,
					DFCCE00F0E3EA06754E02D6B,
					193304FBF0C59B10F9826D43,
					6D19ECEF14B4BDD153955155,
					1CF1D0A5AC7B8CE843312718,
					A7360D51314DB0D7494C2F0C,
					ECBEBF3A2244477809C853C2,
					D0C7BC8C9F4772FBB95FB0D0,
					D928E07209B6E3D04F8AF0CD,
					A9A4F8F6DB6AF47480C8A530,
					51CC43B19C8731B057CB2808,
					E69E7D1D37C514D1B7AE8191, ); name = memory; sourceTree = "<group>"; };
		746CCEC78177DA9B17D0D73B = {isa = PBXGroup; children = (
					3A97B31C13FC31EEB655939A,
					84DD9E3360C497F553D35B47,
					07FA94F6351A6E70CE3A87D4,
					7F112AD9E61D258054D2C9D6,
					B7FBB562A50DFD51752C2566,
					AAC256349724F7366F65BB27,
					6209440BCC201353B297CA6F, ); name = misc; sourceTree = "<group>"; };
		7383A94971ED708017A92AB6 = {isa = PBXGroup; children = (
					AF5BB3E788A1EF1DED38878B,
					CE84E040EB1024F3DA32CFFD,
					F09EF8DC2B6225F49A37C35D,
					8554817BAF5BB1098A16B3FD,
					37113879351A9143597D346A,
					7A5423C8A96A5EC6ED2555A5,
					5DF7E3E78224563BD4A33751,
					A56DE05C95B585804DE11507,
					49C1DD07C6A9DF40995E988D,
					8F13C14A84C7F5B74B3AABEE,
					475F624EAC50A49FA11CC69E,
					D8392987C3A39C9860A3EC8F,
					8E431CA67C48EC61DE81DBCD,
					F6332FC3AF80C38B490C50EF,
					B3812C825D7CF2C80BDF7359,
					5D76FE1902D1EE668E7B9D00,
					F6FC6652FE502429011E9DFB,
					F2851269389CB55A8137CA37,
					D33D74162ADEED562849F6BD,
					6644A36FD35189A0111E3914,
					1807312EBCD81BE092D63FB9,
					0F7B8710DB8A57C5EAE8290A,
					07C8B0C0011B64C9CE7C8C67,
					EF24AAEC6050ABE6572B7A88,
					CF6D54A3FD7D9F2BCE169F82,
					82340E6712C1AE3B31F8E7EC,
					2DEBB896FF68A52B50EA7A15,
					1AD98982F4A506B6023DB1C9,
					2CBF46F954AA6442F6060B81, ); name = native; sourceTree = "<group>"; };
		38C413F56FAF535D6DE95AEE = {isa = PBXGroup; children = (
					773C72C6AE8F0D3BA44F39A3,
					DAC1A1BA5DB61B4F762A2CB0,
					D4D00ADE249F8D3BEF0ED4BA,
					D910A6B0479172B3140E9CB6,
					C2DC9A988D96497666C597C1,
					5D666EE8512CB8B5090C89FE,
					5645301624629C8D3E9AB0F1,
					11EE94D1AA0018065D0D1430,
					83CFADB6FF9FD01F99BC1AC8,
					80588937A2627299AEF136A5, ); name = network; sourceTree = "<group>"; };
		53F42C39D3320209537BB878 = {isa = PBXGroup; children = (
					E792B4A2EC853B35F60E16F0,
					FC0446791332601BCE36F940,
					327B065573072B533A3BEDB4,
					38339C00635DC3783306C784,
					05D02D2AEC9C599954F36B74,
					ACBBE54F663A4F746C57F5BE,
					7033CC40AC721FA691ADFE98,
					B50A051CBBFD5819F70A2D0D,
					82D21F02D995541E83F81E24,
					C9D0045B7D46607647F54552,
					642B07470CA131D742D227A7,
					D5061A038D6A4DAF2BB84434,
					E410F2A4BE414FFCAD16CD33,
					DEB0FA8369A312A4F44F4F21,
					EE2E5E4FFE87E15B65238DD7, ); name = streams; sourceTree = "<group>"; };
		76DCC579B5C4B8F09EB23E34 = {isa = PBXGroup; children = (
					523DFE6BBB3EEF30627D322A,
					932E8C36BBF95A96BCFCC7E0,
					18FE92D7AC0A5D6D8630810A,
					466FEC46D93DD2797AF03252,
					49D621DF8CD59D262FF4E200,
					EBD2E9C508C3B1C8F9328FCE, ); name = system; sourceTree = "<group>"; };
		D37639B6035FBC173217C0CF = {isa = PBXGroup; children = (
					5DB6EA026BF336C017762045,
					01B5963AAABBD6D79BD349D9,
					3C0DE4F065EAE91F22AF0822,
					E36665AA865ADADFC230EABE,
					38A0EA144D7C2AEEC483B2AD,
					A7674FBE9E9FE03AEED07267,
					8D3661958923B7EE46EA7E7D,
					EDFEA34A6BC3195A2E79152A,
					A5462A42993680F20CB9056A,
					F27F91153C107F5FB98A5D98,
					77C451115D88EDBC2C92BF14,
					391711801BAB4849E050A564,
					143AA73475D5AE82ABEA2C51,
					AA9B5D3A3E3F48E84878996F,
					AFB0BA23C8420F03FA17825C,
					0C8A26C7B23F0A6829CBE7FB,
					601F175ECF8749E016CE4359,
					B11CFBF31FC2E7E6DC7D9D41,
					B015FDDE1F5BAD86B36BAD97,
					88FD4288D404FED328B23187,
					83AC5B7D314E6FF2C76262D0,
					69518EAB07992C055EA46849,
					FDBC09437EAE82543B0B3E01,
					68953AC675FF4F45A6DD9726, ); name = text; sourceTree = "<group>"; };
		17E23FF7AB84E4CAA93F581E = {isa = PBXGroup; children = (
					FA2050E4572D81E7F55BEB8D,
					17D0E0C37ACBF1F73C5B65FE,
					5529ADF82E634691810562A3,
					C472F0453F93C6A99E415D4B,
					0327498D29EB1F1C90E20DB9,
					0AD04141738D75B20C429B6A,
					D02EC29DFEC511F30FECE910,
					A47AF65725ABDC404CD1829B,
					66753AD7470072FB37D74828,
					B74D8A2EC3EAE3F7785C6BC2,
					14DFE55E833B9CECFB1BDCC7,
					AB8E1F461CEEF3085181E13C,
					0E1AF847EACA248FA75D773D,
					C7501817BE9BA252A5D06682,
					9E8205C3260262B5F27FFF9A,
					4161BF13DED01E68513C500E,
					782C935705FA6836F27E4F9A,
					4013503FD85234F7B22D815C,
					E69CF1832AA073759E370F1A,
					DAE1A8A7E7E62A7D112C9C90,
					C1461972F71A03A90460A4EE,
					79BF917AC1D4E0F3EB7285A8, ); name = threads; sourceTree = "<group>"; };
		198474CD140454F0B8C8E806 = {isa = PBXGroup; children = (
					FF47240BBAFDBB93FBDDF4B3,
					D6E7BFA7F7F1D0E8181DCB0B,
					436DDF6503AC623A5AE60EAD,
					3B84380EB7AEEB6F69DADFCA,
					3091CB250C61FD491ACD72C1,
					B68CA941BDCE735471B9C417, ); name = time; sourceTree = "<group>"; };
		D49DB59AD4855718E460C360 = {isa = PBXGroup; children = (
					1C864459069772DCE62A2C11,
					9CFA5F81DC42E61A125C2139, ); name = "unit_tests"; sourceTree = "<group>"; };
		084EF94B7FD8E18C161D5874 = {isa = PBXGroup; children = (
					E2CF0811607CEDCBA07D0802,
					AEE084C8DE540D498D8E304A,
					E5872683373E1554D5677D19,
					B1C6A5F7CF2CD916516C1BC5, ); name = xml; sourceTree = "<group>"; };
		E5735A48FE5DF71738E66563 = {isa = PBXGroup; children = (
					B515FCE00511A2957E3CF556,
					3040ED4A40AE64AA051D5A55,
					D234ED707DFB8FEF60429F57,
					BF0D358C44190379F1E58D4D,
					06689E7898CBA2AA3216DE0B,
					D05E7E8C90654E641CCB0630,
					A8F0996FBF32F299ACB1AB46,
					F12DCD76421C7249D8617137,
					1CCE51B13F70CF425CC9021B,
					99E9E3C5B08A778EC8CCD78D,
					65B2075769EF4DF4F3ABB83F,
					072FEB344E9D7B9E17475E54,
					DDFF87BA730CA8EB7F52C8D5,
					CB92E7928F463F5D3DD5ADAB,
					57BC06E8057DDF554AF8C762,
					9265352449323AF2C3163C42,
					7D04E8E7C94403BD452B84E5,
					586CB5EEB50408E0CBF54186,
					402B067AF762E17C689BBC1D,
					724D9A643936315D20402BB1,
					71957444BCA30CF272F8F563,
					75FA424D38786727C0ACC82E, ); name = zlib; sourceTree = "<group>"; };
		4FD9A1AFFD5A65A62246F3A9 = {isa = PBXGroup; children = (
					E5735A48FE5DF71738E66563,
					4490F0AA6955FD18FD2BB7C1,
					2CEF515B0603228733873FC8,
					CA34F98BABFD8000FD86D95C,
					1AF5A517ADC59DCD7D3285CD,
					2AD56AEDE86B6D2F01763277,
					6ECE42167DBDC4A7F67C4370, ); name = zip; sourceTree = "<group>"; };
		43EA5AB409D96D88F3F830EC = {isa = PBXGroup; children = (
					096B5465BC4AEBBD4E70544F,
					B1E99E6072D16EAE50162326,
					34BE94E180B5A1365078B3B0,
					F47A157F21E15AD055B50483,
					6FF240763620F592DC961994,
					3DA9EAA5B7DBBF4C6F628D2B,
					746CCEC78177DA9B17D0D73B,
					7383A94971ED708017A92AB6,
					38C413F56FAF535D6DE95AEE,
					53F42C39D3320209537BB878,
					76DCC579B5C4B8F09EB23E34,
					D37639B6035FBC173217C0CF,
					17E23FF7AB84E4CAA93F581E,
					198474CD140454F0B8C8E806,
					D49DB59AD4855718E460C360,
					084EF94B7FD8E18C161D5874,
					4FD9A1AFFD5A65A62246F3A9,
					84546C2C4041277581D27699,
					11B6AFA31F52145BC0FD06D3,
					FB7C6E7D2082C1BC4DBCDF80,
					11B6AFA31F52145BC0FD06D3, ); name = "juce_core"; sourceTree = "<group>"; };
		4668574F4CA046550ECF1A4C = {isa = PBXGroup; children = (
					C9FAE249E530372DA4A52AD3,
					C3C6FD80E454DC29D1AD98C9,
					6D8B7B75BF258CBB4268F755,
					E5ECC0A5E35CB92F47ACEDC4,
					AB69EC19762AA53A946ADC66,
					019D654FF1D32AB3907746BC, ); name = encryption; sourceTree = "<group>"; };
		3E0C0240F4A4D4ED85595F38 = {isa = PBXGroup; children = (
					5FCB4B1E41784866CA6047D4,
					2C3A2C94E326035062C34740,
					6F4EF7F94F85248C9B652955,
					6019D60603A62E7E61A7D176,
					C8ED3EB3BB9A7C502A9BC66D,
					BA89D700B4CCD5CCDC1D15F1, ); name = hashing; sourceTree = "<group>"; };
		6E50C90E5CD61ACF4671D29B = {isa = PBXGroup; children = (
					4668574F4CA046550ECF1A4C,
					3E0C0240F4A4D4ED85595F38,
					29D4D455EDED442FBEDCFCD4,
					7B479F1F07B38E20B41FA3DD,
					91CDA10F38F405E8BFB99B33,
					7B479F1F07B38E20B41FA3DD, ); name = "juce_cryptography"; sourceTree = "<group>"; };
		BC61FD18AB99F8510384C508 = {isa = PBXGroup; children = (
					ACA8CA2170A1A930E4959E48,
					39C0DD11F283834E399E9A2E,
					7C2E05766CC70032FDA5572D,
					289113638926F7B65268AD2E, ); name = "app_properties"; sourceTree = "<group>"; };
		237838560374294331E2C864 = {isa = PBXGroup; children = (
					6D7C5278056181DCA8D1D529,
					15939479833543EDA3ED6C27,
					1A732738E16538A864CC616A, ); name = undomanager; sourceTree = "<group>"; };
		89CCA99B1F54379C2A30CCFB = {isa = PBXGroup; children = (
					F97CFFF89D8F83BC86136A4A,
					2F75F2C26389688E647D5064,
					B6F082683699F4CE19FDD597,
					8F1FC200D83E6B6BDA5462CD,
					BEEFF7A98D049C6CCBBA5533,
					684385C8663ACC376920AB90,
					CC33D81FC9094F654E6DF01C,
					CCBB9122952422D42A94432F, ); name = values; sourceTree = "<group>"; };
		79107582F4731BD9CCDA2EF9 = {isa = PBXGroup; children = (
					BC61FD18AB99F8510384C508,
					237838560374294331E2C864,
					89CCA99B1F54379C2A30CCFB,
					990FBE1AFA7E19C114E146D8,
					D6CDC944B21FE6354ACFCC57,
					AC096E8EC5C5A3654595ABCF,
					D6CDC944B21FE6354ACFCC57, ); name = "juce_data_structures"; sourceTree = "<group>"; };
		40A3DCB2CC9ADD03067AFD59 = {isa = PBXGroup; children = (
					21E06D3C9860B958A9A7A1FA,
					A7AD77118DF9B0132AC43651,
					E1FA03327AA1D7A1696D84C6,
					37F531E19E231072293E8F4A,
					9C6190D57D51C72231BBF6BF,
					735EA1FAA3DDE90A76060B17,
					5DCAF823704C67E2FC34E865,
					26A7A723FBF09C935089CD8A, ); name = broadcasters; sourceTree = "<group>"; };
		19734C42B0B4820FCB17F254 = {isa = PBXGroup; children = (
					83FEA43569A9DFD36C841C42,
					AE0DAFDEC524F2C264FF19BF,
					42DBD0F1F0F7F45026BD69C4,
					5892BDE14F25824F8BD52911,
					CA44177F07F42FBE6B880CFD,
					1FFAD03316DE4A331B9B92FB, ); name = interprocess; sourceTree = "<group>"; };
		43D4DCEE723882422B454216 = {isa = PBXGroup; children = (
					1D7E2D815A89354B1FDEEC9E,
					414E084E82483478C97AF950,
					378093AC3E79447EF12070DC,
					BACF6D14FDA5EC09BC7B79DC,
					C84694D4F9FB84A44B9F9628,
					0FB60CD292CFDC3ED0781EA5,
					9B7E8C0B4469F29B3C5A441D,
					26B7ACD7CCE2F817FFC97B50,
					08C0C603A54E971F147438BC,
					A367CF90AA94033805645337,
					BB0965111E2A5041F030923D,
					072EDE421A73E96DC0EBE464,
					B4596EDF62FCCD8F90B6FE0B, ); name = messages; sourceTree = "<group>"; };
		1B934B229E3321FBAF1D7F80 = {isa = PBXGroup; children = (
					6C3AA0D687B65074D36B916F,
					2EE0415FFD38428D836FD87C,
					48061BC12476089868DAB90C,
					D4CCB373B784EC4559056D7B,
					8AF4106258F6D2456B1AD11B,
					3EED2A58228EE860A5568A5F,
					C712BF98A5B5495795F062F4,
					07E14E8A24BF556B04788CB5, ); name = native; sourceTree = "<group>"; };
		2182CB7886AA4D955091CF7E = {isa = PBXGroup; children = (
					F15698FCE46D7AECDCACD2CC,
					11F20D7559C9C77983401336,
					DAF3DA9EABA4215F608F6B41,
					4863B954BA17BAF982228392, ); name = timers; sourceTree = "<group>"; };
		6D45ADEBD4E7BE83882B37B8 = {isa = PBXGroup; children = (
					40A3DCB2CC9ADD03067AFD59,
					19734C42B0B4820FCB17F254,
					43D4DCEE723882422B454216,
					1B934B229E3321FBAF1D7F80,
					2182CB7886AA4D955091CF7E,
					688F905AF9CDA67AE9816300,
					8CB5492F4C8E6D9BEDD188E6,
					67D186D32A31153772598101,
					8CB5492F4C8E6D9BEDD188E6, ); name = "juce_events"; sourceTree = "<group>"; };
		B480C616D9BD2A53196A59D3 = {isa = PBXGroup; children = (
					43EA5AB409D96D88F3F830EC,
					6E50C90E5CD61ACF4671D29B,
					79107582F4731BD9CCDA2EF9,
					6D45ADEBD4E7BE83882B37B8, ); name = "Juce Modules"; sourceTree = "<group>"; };
		3D57C192A50A94E2A3611C0B = {isa = PBXGroup; children = (
					4EA0CB61F6BE7000C72D95A7,
					C7B0BBE4A78CF9E72319FA28,
					9AF446447A3379F626AEADEA,
					0F51F7AE8716D5B7D3C77ED3,
					EDE30B49E334988DFCBA076D,
					63C03AFC6C12DBC292582226, ); name = "Juce Library Code"; sourceTree = "<group>"; };
		C2B082D656E16F45AB2A05CC = {isa = PBXGroup; children = (
					ACFCED4596A51FC9268BD5FC, ); name = Resources; sourceTree = "<group>"; };
		A1D8484D2FA39B1443E8A516 = {isa = PBXGroup; children = (  ); name = Frameworks; sourceTree = "<group>"; };
		AB5B6232ABAED0ABE4E21EDC = {isa = PBXGroup; children = (
					FE2A1668B32638CE3F2F83BA, ); name = Products; sourceTree = "<group>"; };
		5790E0093D1B0EEE3EC5F399 = {isa = PBXGroup; children = (
					7E1C9946DB2D5185A7FA5E84,
					B480C616D9BD2A53196A59D3,
					3D57C192A50A94E2A3611C0B,
					C2B082D656E16F45AB2A05CC,
					A1D8484D2FA39B1443E8A516,
					AB5B6232ABAED0ABE4E21EDC, ); name = Source; sourceTree = "<group>"; };
		728002F529FE5B719BD91A86 = {isa = XCBuildConfiguration; buildSettings = {
				CLANG_CXX_LANGUAGE_STANDARD = "c++0x";
				CLANG_CXX_LANGUAGE_STANDARD = "c++11";
				CLANG_CXX_LIBRARY = "libc++";
				CLANG_LINK_OBJC_RUNTIME = NO;
				COMBINE_HIDPI_IMAGES = YES;
				CONFIGURATION_BUILD_DIR = "$(PROJECT_DIR)/build/$(CONFIGURATION)";
				COPY_PHASE_STRIP = NO;
				GCC_DYNAMIC_NO_PIC = NO;
				GCC_OPTIMIZATION_LEVEL = 0;
				GCC_PREPROCESSOR_DEFINITIONS = (
					"_DEBUG=1",
					"DEBUG=1",
					"JUCER_XCODE_MAC_F6D2F4CF=1",
					"JUCE_APP_VERSION=1.0.0",
					"JUCE_APP_VERSION_HEX=0x10000", );
				GCC_VERSION = com.apple.compilers.llvm.clang.1_0;
				HEADER_SEARCH_PATHS = ("../../JuceLibraryCode", "../../../JUCE/modules", "../../../max-sdk-7.1.0/source/c74support/max-includes", "$(inherited)");
				MACOSX_DEPLOYMENT_TARGET_ppc = 10.4;
				PRODUCT_BUNDLE_IDENTIFIER = com.mute.pianola_juce_external;
				SDKROOT_ppc = macosx10.5; }; name = Debug; };
		4168309A58BF48B0605465DE = {isa = XCBuildConfiguration; buildSettings = {
				CLANG_CXX_LANGUAGE_STANDARD = "c++0x";
				CLANG_LINK_OBJC_RUNTIME = NO;
				COMBINE_HIDPI_IMAGES = YES;
				CONFIGURATION_BUILD_DIR = "$(PROJECT_DIR)/build/$(CONFIGURATION)";
				DEAD_CODE_STRIPPING = YES;
				GCC_GENERATE_DEBUGGING_SYMBOLS = NO;
				GCC_OPTIMIZATION_LEVEL = 3;
				GCC_PREPROCESSOR_DEFINITIONS = (
					"_NDEBUG=1",
					"NDEBUG=1",
					"JUCER_XCODE_MAC_F6D2F4CF=1",
					"JUCE_APP_VERSION=1.0.0",
					"JUCE_APP_VERSION_HEX=0x10000", );
				GCC_SYMBOLS_PRIVATE_EXTERN = YES;
				GCC_VERSION = com.apple.compilers.llvm.clang.1_0;
				HEADER_SEARCH_PATHS = ("../../JuceLibraryCode", "../../../JUCE/modules", "$(inherited)");
				MACOSX_DEPLOYMENT_TARGET_ppc = 10.4;
				PRODUCT_BUNDLE_IDENTIFIER = com.mute.pianola_juce_external;
				SDKROOT_ppc = macosx10.5; }; name = Release; };
		64D584CEA07FD9D6401273A5 = {isa = XCBuildConfiguration; buildSettings = {
				ALWAYS_SEARCH_USER_PATHS = NO;
				DEBUG_INFORMATION_FORMAT = "dwarf";
				ENABLE_TESTABILITY = YES;
				GCC_C_LANGUAGE_STANDARD = c99;
				GCC_INLINES_ARE_PRIVATE_EXTERN = NO;
				GCC_MODEL_TUNING = G5;
				GCC_SYMBOLS_PRIVATE_EXTERN = NO;
				GCC_WARN_ABOUT_RETURN_TYPE = YES;
				GCC_WARN_CHECK_SWITCH_STATEMENTS = YES;
				GCC_WARN_MISSING_PARENTHESES = YES;
				GCC_WARN_NON_VIRTUAL_DESTRUCTOR = YES;
				GCC_WARN_TYPECHECK_CALLS_TO_PRINTF = YES;
				GCC_WARN_UNUSED_VARIABLE = YES;
				ONLY_ACTIVE_ARCH = YES;
				PRODUCT_NAME = "pianola_juce_external";
				WARNING_CFLAGS = -Wreorder;
				ZERO_LINK = NO; }; name = Debug; };
		0DCE0E60911FBC79C18CB061 = {isa = XCBuildConfiguration; buildSettings = {
				ALWAYS_SEARCH_USER_PATHS = NO;
				DEBUG_INFORMATION_FORMAT = "dwarf";
				GCC_C_LANGUAGE_STANDARD = c99;
				GCC_INLINES_ARE_PRIVATE_EXTERN = NO;
				GCC_MODEL_TUNING = G5;
				GCC_SYMBOLS_PRIVATE_EXTERN = NO;
				GCC_WARN_ABOUT_RETURN_TYPE = YES;
				GCC_WARN_CHECK_SWITCH_STATEMENTS = YES;
				GCC_WARN_MISSING_PARENTHESES = YES;
				GCC_WARN_NON_VIRTUAL_DESTRUCTOR = YES;
				GCC_WARN_TYPECHECK_CALLS_TO_PRINTF = YES;
				GCC_WARN_UNUSED_VARIABLE = YES;
				PRODUCT_NAME = "pianola_juce_external";
				WARNING_CFLAGS = -Wreorder;
				ZERO_LINK = NO; }; name = Release; };
		3BBE88A92299B562271586C6 = {isa = PBXTargetDependency; target = 82F71033E77F2F93640C0E60; };
		B51CF4F0500324F6AA330EBC = {isa = XCConfigurationList; buildConfigurations = (
					64D584CEA07FD9D6401273A5,
					0DCE0E60911FBC79C18CB061, ); defaultConfigurationIsVisible = 0; defaultConfigurationName = Debug; };
		F19482EAF9AAB62CC2CE89B4 = {isa = XCConfigurationList; buildConfigurations = (
					728002F529FE5B719BD91A86,
					4168309A58BF48B0605465DE, ); defaultConfigurationIsVisible = 0; defaultConfigurationName = Debug; };
		0946AF830E60A77B3469FFFD = {isa = PBXSourcesBuildPhase; buildActionMask = 2147483647; files = (
					F0AE45F40A04995B478C3485,
					F9F96F5010FD500F0A43F6BE,
					1438CD02065C92504F1074B5,
					DF1B2CEA8A122E5939AEA7F7,
					055DF0BB6E3AB08DE739F7D1,
					6A839A348570737CB64F08F6,
					18AC18302F264BF38A021D9D,
					FC6F275D72A6B025D227105C,
					5806B000F705D929F5182F5D,
					3AC4B5BED66168A9BFB2C7A9, ); runOnlyForDeploymentPostprocessing = 0; };
		82F71033E77F2F93640C0E60 = {isa = PBXNativeTarget; buildConfigurationList = F19482EAF9AAB62CC2CE89B4; buildPhases = (
					0946AF830E60A77B3469FFFD, ); buildRules = ( ); dependencies = (  ); name = "pianola_juce_external (Static Library)"; productName = "pianola_juce_external"; productReference = FE2A1668B32638CE3F2F83BA; productType = "com.apple.product-type.library.static"; };
		ECBD0C35BB6052EC909F37DD = {isa = PBXProject; buildConfigurationList = B51CF4F0500324F6AA330EBC; attributes = { LastUpgradeCheck = 0440; }; compatibilityVersion = "Xcode 3.2"; hasScannedForEncodings = 0; mainGroup = 5790E0093D1B0EEE3EC5F399; projectDirPath = ""; projectRoot = ""; targets = (82F71033E77F2F93640C0E60); };
	};
	rootObject = ECBD0C35BB6052EC909F37DD;
}
