Microsoft Visual Studio Solution File, Format Version 11.00
# Visual Studio 2015
Project("{CD8E9FB6-960F-A0D9-4203-099C25F169AA}") = "pianola_juce_external", "pianola_juce_external.vcxproj", "{751F6ACA-A6D0-1D43-443C-51C5C989F68D}"
EndProject
Global
	GlobalSection(SolutionConfigurationPlatforms) = preSolution
		Debug|Win32 = Debug|Win32
		Release|Win32 = Release|Win32
	EndGlobalSection
	GlobalSection(ProjectConfigurationPlatforms) = postSolution
		{751F6ACA-A6D0-1D43-443C-51C5C989F68D}.Debug|Win32.ActiveCfg = Debug|Win32
		{751F6ACA-A6D0-1D43-443C-51C5C989F68D}.Debug|Win32.Build.0 = Debug|Win32
		{751F6ACA-A6D0-1D43-443C-51C5C989F68D}.Release|Win32.ActiveCfg = Release|Win32
		{751F6ACA-A6D0-1D43-443C-51C5C989F68D}.Release|Win32.Build.0 = Release|Win32
	EndGlobalSection
	GlobalSection(SolutionProperties) = preSolution
		HideSolutionNode = FALSE
	EndGlobalSection
EndGlobal
